{
  "object": {
    "pins": [
      {
        "package": "CombineFeedback",
        "repositoryURL": "https://github.com/sergdort/CombineFeedback",
        "state": {
          "branch": "master",
          "revision": "e322742c8fb584180afb731615317a7d795682fb",
          "version": null
        }
      },
      {
        "package": "Entwine",
        "repositoryURL": "git@github.com:tcldr/Entwine.git",
        "state": {
          "branch": "master",
          "revision": "859256d17719691485ae1422ddf77274d0350505",
          "version": null
        }
      }
    ]
  },
  "version": 1
}
