// !$*UTF8*$!
{
	archiveVersion = 1;
	classes = {
	};
	objectVersion = 52;
	objects = {

/* Begin PBXBuildFile section */
		DA1F6C7B22EB8921003292DE /* CoreData.framework in Frameworks */ = {isa = PBXBuildFile; fileRef = DA1F6C7A22EB8921003292DE /* CoreData.framework */; };
		DA1F6C9B22EB8B87003292DE /* Assets.xcassets in Resources */ = {isa = PBXBuildFile; fileRef = DA2EB2C222E78EF9006CF023 /* Assets.xcassets */; };
		DA210D5C22E5E2DA005A41C9 /* EntwineTest in Frameworks */ = {isa = PBXBuildFile; productRef = DA210D5B22E5E2DA005A41C9 /* EntwineTest */; };
		DA210D5E22E5E2DA005A41C9 /* Entwine in Frameworks */ = {isa = PBXBuildFile; productRef = DA210D5D22E5E2DA005A41C9 /* Entwine */; };
		DA2EB2BC22E78EF7006CF023 /* AppDelegate.swift in Sources */ = {isa = PBXBuildFile; fileRef = DA2EB2BB22E78EF7006CF023 /* AppDelegate.swift */; };
		DA2EB2C622E78EF9006CF023 /* Preview Assets.xcassets in Resources */ = {isa = PBXBuildFile; fileRef = DA2EB2C522E78EF9006CF023 /* Preview Assets.xcassets */; };
		DA2EB2D122E78EF9006CF023 /* Lateral_Thinking_tvOSTests.swift in Sources */ = {isa = PBXBuildFile; fileRef = DA2EB2D022E78EF9006CF023 /* Lateral_Thinking_tvOSTests.swift */; };
		DA2EB2DC22E78EF9006CF023 /* Lateral_Thinking_tvOSUITests.swift in Sources */ = {isa = PBXBuildFile; fileRef = DA2EB2DB22E78EF9006CF023 /* Lateral_Thinking_tvOSUITests.swift */; };
		DA2EB2EC22E78F6D006CF023 /* Entwine in Frameworks */ = {isa = PBXBuildFile; productRef = DA2EB2EB22E78F6D006CF023 /* Entwine */; };
		DA2EB2F022E79029006CF023 /* CloudKit.framework in Frameworks */ = {isa = PBXBuildFile; fileRef = DA2EB2EF22E79029006CF023 /* CloudKit.framework */; };
		DA2EB2F322E7903D006CF023 /* CloudKit.framework in Frameworks */ = {isa = PBXBuildFile; fileRef = DA2EB2F222E7903D006CF023 /* CloudKit.framework */; };
		DA2EB2FD22E79454006CF023 /* CombineFeedback in Frameworks */ = {isa = PBXBuildFile; productRef = DA2EB2FC22E79454006CF023 /* CombineFeedback */; };
		DA2EB2FF22E79454006CF023 /* CombineFeedbackUI in Frameworks */ = {isa = PBXBuildFile; productRef = DA2EB2FE22E79454006CF023 /* CombineFeedbackUI */; };
		DA2EB30122E7945F006CF023 /* CombineFeedback in Frameworks */ = {isa = PBXBuildFile; productRef = DA2EB30022E7945F006CF023 /* CombineFeedback */; };
		DA2EB30322E7945F006CF023 /* CombineFeedbackUI in Frameworks */ = {isa = PBXBuildFile; productRef = DA2EB30222E7945F006CF023 /* CombineFeedbackUI */; };
		DA2EB36D22E79C9C006CF023 /* CardView.swift in Sources */ = {isa = PBXBuildFile; fileRef = DAFB17CB22E4E376004C78E4 /* CardView.swift */; };
		DA337E4A22E8F3BB00A3DD3E /* LateralThinking in Frameworks */ = {isa = PBXBuildFile; productRef = DA337E4922E8F3BB00A3DD3E /* LateralThinking */; };
		DA36855322E73D1900EE2819 /* TestingAppDelegate.swift in Sources */ = {isa = PBXBuildFile; fileRef = DA36855222E73D1900EE2819 /* TestingAppDelegate.swift */; };
		DA36856022E7411100EE2819 /* Entwine in Frameworks */ = {isa = PBXBuildFile; productRef = DA36855F22E7411100EE2819 /* Entwine */; };
		DA52203022EBA3C900E0AF27 /* Lateral Thinking watchOS WatchKit App.app in Embed Watch Content */ = {isa = PBXBuildFile; fileRef = DA52202F22EBA3C900E0AF27 /* Lateral Thinking watchOS WatchKit App.app */; settings = {ATTRIBUTES = (RemoveHeadersOnCopy, ); }; };
		DA52203622EBA3C900E0AF27 /* Interface.storyboard in Resources */ = {isa = PBXBuildFile; fileRef = DA52203422EBA3C900E0AF27 /* Interface.storyboard */; };
		DA52203822EBA3CB00E0AF27 /* Assets.xcassets in Resources */ = {isa = PBXBuildFile; fileRef = DA52203722EBA3CB00E0AF27 /* Assets.xcassets */; };
		DA52203F22EBA3CB00E0AF27 /* Lateral Thinking watchOS WatchKit Extension.appex in Embed App Extensions */ = {isa = PBXBuildFile; fileRef = DA52203E22EBA3CB00E0AF27 /* Lateral Thinking watchOS WatchKit Extension.appex */; settings = {ATTRIBUTES = (RemoveHeadersOnCopy, ); }; };
		DA52204622EBA3CB00E0AF27 /* HostingController.swift in Sources */ = {isa = PBXBuildFile; fileRef = DA52204522EBA3CB00E0AF27 /* HostingController.swift */; };
		DA52204822EBA3CB00E0AF27 /* ExtensionDelegate.swift in Sources */ = {isa = PBXBuildFile; fileRef = DA52204722EBA3CB00E0AF27 /* ExtensionDelegate.swift */; };
		DA52204A22EBA3CC00E0AF27 /* Assets.xcassets in Resources */ = {isa = PBXBuildFile; fileRef = DA52204922EBA3CC00E0AF27 /* Assets.xcassets */; };
		DA52204D22EBA3CC00E0AF27 /* Preview Assets.xcassets in Resources */ = {isa = PBXBuildFile; fileRef = DA52204C22EBA3CC00E0AF27 /* Preview Assets.xcassets */; };
		DA52205C22EBA7FE00E0AF27 /* CardView.swift in Sources */ = {isa = PBXBuildFile; fileRef = DA52205B22EBA7FE00E0AF27 /* CardView.swift */; };
		DA52205E22EBA84400E0AF27 /* LateralThinking in Frameworks */ = {isa = PBXBuildFile; productRef = DA52205D22EBA84400E0AF27 /* LateralThinking */; };
		DA52206022EBA84400E0AF27 /* Entwine in Frameworks */ = {isa = PBXBuildFile; productRef = DA52205F22EBA84400E0AF27 /* Entwine */; };
		DA52206422EBB10200E0AF27 /* CloudKit.framework in Frameworks */ = {isa = PBXBuildFile; fileRef = DA2EB2F522E79051006CF023 /* CloudKit.framework */; };
		DA88459022EB82B600A32E36 /* CardView.swift in Sources */ = {isa = PBXBuildFile; fileRef = DA88458F22EB82B600A32E36 /* CardView.swift */; };
		DA88459222EB832000A32E36 /* LateralThinking in Frameworks */ = {isa = PBXBuildFile; productRef = DA88459122EB832000A32E36 /* LateralThinking */; };
		DAB7B77722E4F00A0091EEF3 /* NotoSerif-BoldItalic.ttf in Resources */ = {isa = PBXBuildFile; fileRef = DAB7B77222E4F00A0091EEF3 /* NotoSerif-BoldItalic.ttf */; };
		DAB7B77822E4F00A0091EEF3 /* NotoSerif-Regular.ttf in Resources */ = {isa = PBXBuildFile; fileRef = DAB7B77322E4F00A0091EEF3 /* NotoSerif-Regular.ttf */; };
		DAB7B77922E4F00A0091EEF3 /* NotoSerif-Italic.ttf in Resources */ = {isa = PBXBuildFile; fileRef = DAB7B77422E4F00A0091EEF3 /* NotoSerif-Italic.ttf */; };
		DAB7B77A22E4F00A0091EEF3 /* NotoSerif-Bold.ttf in Resources */ = {isa = PBXBuildFile; fileRef = DAB7B77522E4F00A0091EEF3 /* NotoSerif-Bold.ttf */; };
		DAB7B77B22E4F00A0091EEF3 /* LICENSE.txt in Resources */ = {isa = PBXBuildFile; fileRef = DAB7B77622E4F00A0091EEF3 /* LICENSE.txt */; };
		DAFB17C522E4E376004C78E4 /* AppDelegate.swift in Sources */ = {isa = PBXBuildFile; fileRef = DAFB17C422E4E376004C78E4 /* AppDelegate.swift */; };
		DAFB17C722E4E376004C78E4 /* SceneDelegate.swift in Sources */ = {isa = PBXBuildFile; fileRef = DAFB17C622E4E376004C78E4 /* SceneDelegate.swift */; };
		DAFB17CA22E4E376004C78E4 /* Lateral_Thinking.xcdatamodeld in Sources */ = {isa = PBXBuildFile; fileRef = DAFB17C822E4E376004C78E4 /* Lateral_Thinking.xcdatamodeld */; };
		DAFB17CE22E4E379004C78E4 /* Assets.xcassets in Resources */ = {isa = PBXBuildFile; fileRef = DAFB17CD22E4E379004C78E4 /* Assets.xcassets */; };
		DAFB17D122E4E379004C78E4 /* Preview Assets.xcassets in Resources */ = {isa = PBXBuildFile; fileRef = DAFB17D022E4E379004C78E4 /* Preview Assets.xcassets */; };
		DAFB17D422E4E379004C78E4 /* LaunchScreen.storyboard in Resources */ = {isa = PBXBuildFile; fileRef = DAFB17D222E4E379004C78E4 /* LaunchScreen.storyboard */; };
		DAFB17DF22E4E379004C78E4 /* Lateral_ThinkingTests.swift in Sources */ = {isa = PBXBuildFile; fileRef = DAFB17DE22E4E379004C78E4 /* Lateral_ThinkingTests.swift */; };
		DAFB17EA22E4E379004C78E4 /* Lateral_ThinkingUITests.swift in Sources */ = {isa = PBXBuildFile; fileRef = DAFB17E922E4E379004C78E4 /* Lateral_ThinkingUITests.swift */; };
		DAFB17F822E4E40D004C78E4 /* MainMenuView.swift in Sources */ = {isa = PBXBuildFile; fileRef = DAFB17F722E4E40D004C78E4 /* MainMenuView.swift */; };
/* End PBXBuildFile section */

/* Begin PBXContainerItemProxy section */
		DA2EB2CD22E78EF9006CF023 /* PBXContainerItemProxy */ = {
			isa = PBXContainerItemProxy;
			containerPortal = DAFB17B922E4E376004C78E4 /* Project object */;
			proxyType = 1;
			remoteGlobalIDString = DA2EB2B822E78EF7006CF023;
			remoteInfo = "Lateral Thinking tvOS";
		};
		DA2EB2D822E78EF9006CF023 /* PBXContainerItemProxy */ = {
			isa = PBXContainerItemProxy;
			containerPortal = DAFB17B922E4E376004C78E4 /* Project object */;
			proxyType = 1;
			remoteGlobalIDString = DA2EB2B822E78EF7006CF023;
			remoteInfo = "Lateral Thinking tvOS";
		};
		DA52203122EBA3C900E0AF27 /* PBXContainerItemProxy */ = {
			isa = PBXContainerItemProxy;
			containerPortal = DAFB17B922E4E376004C78E4 /* Project object */;
			proxyType = 1;
			remoteGlobalIDString = DA52202E22EBA3C900E0AF27;
			remoteInfo = "Lateral Thinking watchOS WatchKit App";
		};
		DA52204022EBA3CB00E0AF27 /* PBXContainerItemProxy */ = {
			isa = PBXContainerItemProxy;
			containerPortal = DAFB17B922E4E376004C78E4 /* Project object */;
			proxyType = 1;
			remoteGlobalIDString = DA52203D22EBA3CB00E0AF27;
			remoteInfo = "Lateral Thinking watchOS WatchKit Extension";
		};
		DAFB17DB22E4E379004C78E4 /* PBXContainerItemProxy */ = {
			isa = PBXContainerItemProxy;
			containerPortal = DAFB17B922E4E376004C78E4 /* Project object */;
			proxyType = 1;
			remoteGlobalIDString = DAFB17C022E4E376004C78E4;
			remoteInfo = "Lateral Thinking";
		};
		DAFB17E622E4E379004C78E4 /* PBXContainerItemProxy */ = {
			isa = PBXContainerItemProxy;
			containerPortal = DAFB17B922E4E376004C78E4 /* Project object */;
			proxyType = 1;
			remoteGlobalIDString = DAFB17C022E4E376004C78E4;
			remoteInfo = "Lateral Thinking";
		};
/* End PBXContainerItemProxy section */

/* Begin PBXCopyFilesBuildPhase section */
		DA36852122E65AA500EE2819 /* Embed Frameworks */ = {
			isa = PBXCopyFilesBuildPhase;
			buildActionMask = 2147483647;
			dstPath = "";
			dstSubfolderSpec = 10;
			files = (
			);
			name = "Embed Frameworks";
			runOnlyForDeploymentPostprocessing = 0;
		};
		DA52205222EBA3CC00E0AF27 /* Embed App Extensions */ = {
			isa = PBXCopyFilesBuildPhase;
			buildActionMask = 2147483647;
			dstPath = "";
			dstSubfolderSpec = 13;
			files = (
				DA52203F22EBA3CB00E0AF27 /* Lateral Thinking watchOS WatchKit Extension.appex in Embed App Extensions */,
			);
			name = "Embed App Extensions";
			runOnlyForDeploymentPostprocessing = 0;
		};
		DA52205622EBA3CC00E0AF27 /* Embed Watch Content */ = {
			isa = PBXCopyFilesBuildPhase;
			buildActionMask = 2147483647;
			dstPath = "$(CONTENTS_FOLDER_PATH)/Watch";
			dstSubfolderSpec = 16;
			files = (
				DA52203022EBA3C900E0AF27 /* Lateral Thinking watchOS WatchKit App.app in Embed Watch Content */,
			);
			name = "Embed Watch Content";
			runOnlyForDeploymentPostprocessing = 0;
		};
/* End PBXCopyFilesBuildPhase section */

/* Begin PBXFileReference section */
		DA1F6C7A22EB8921003292DE /* CoreData.framework */ = {isa = PBXFileReference; lastKnownFileType = wrapper.framework; name = CoreData.framework; path = Platforms/AppleTVOS.platform/Developer/SDKs/AppleTVOS13.0.sdk/System/Library/Frameworks/CoreData.framework; sourceTree = DEVELOPER_DIR; };
		DA2EB2B922E78EF7006CF023 /* Lateral Thinking tvOS.app */ = {isa = PBXFileReference; explicitFileType = wrapper.application; includeInIndex = 0; path = "Lateral Thinking tvOS.app"; sourceTree = BUILT_PRODUCTS_DIR; };
		DA2EB2BB22E78EF7006CF023 /* AppDelegate.swift */ = {isa = PBXFileReference; lastKnownFileType = sourcecode.swift; path = AppDelegate.swift; sourceTree = "<group>"; };
		DA2EB2C222E78EF9006CF023 /* Assets.xcassets */ = {isa = PBXFileReference; lastKnownFileType = folder.assetcatalog; path = Assets.xcassets; sourceTree = "<group>"; };
		DA2EB2C522E78EF9006CF023 /* Preview Assets.xcassets */ = {isa = PBXFileReference; lastKnownFileType = folder.assetcatalog; path = "Preview Assets.xcassets"; sourceTree = "<group>"; };
		DA2EB2C722E78EF9006CF023 /* Info.plist */ = {isa = PBXFileReference; lastKnownFileType = text.plist.xml; path = Info.plist; sourceTree = "<group>"; };
		DA2EB2CC22E78EF9006CF023 /* Lateral Thinking tvOSTests.xctest */ = {isa = PBXFileReference; explicitFileType = wrapper.cfbundle; includeInIndex = 0; path = "Lateral Thinking tvOSTests.xctest"; sourceTree = BUILT_PRODUCTS_DIR; };
		DA2EB2D022E78EF9006CF023 /* Lateral_Thinking_tvOSTests.swift */ = {isa = PBXFileReference; lastKnownFileType = sourcecode.swift; path = Lateral_Thinking_tvOSTests.swift; sourceTree = "<group>"; };
		DA2EB2D222E78EF9006CF023 /* Info.plist */ = {isa = PBXFileReference; lastKnownFileType = text.plist.xml; path = Info.plist; sourceTree = "<group>"; };
		DA2EB2D722E78EF9006CF023 /* Lateral Thinking tvOSUITests.xctest */ = {isa = PBXFileReference; explicitFileType = wrapper.cfbundle; includeInIndex = 0; path = "Lateral Thinking tvOSUITests.xctest"; sourceTree = BUILT_PRODUCTS_DIR; };
		DA2EB2DB22E78EF9006CF023 /* Lateral_Thinking_tvOSUITests.swift */ = {isa = PBXFileReference; lastKnownFileType = sourcecode.swift; path = Lateral_Thinking_tvOSUITests.swift; sourceTree = "<group>"; };
		DA2EB2DD22E78EF9006CF023 /* Info.plist */ = {isa = PBXFileReference; lastKnownFileType = text.plist.xml; path = Info.plist; sourceTree = "<group>"; };
		DA2EB2EE22E79027006CF023 /* Lateral Thinking tvOS.entitlements */ = {isa = PBXFileReference; lastKnownFileType = text.plist.entitlements; path = "Lateral Thinking tvOS.entitlements"; sourceTree = "<group>"; };
		DA2EB2EF22E79029006CF023 /* CloudKit.framework */ = {isa = PBXFileReference; lastKnownFileType = wrapper.framework; name = CloudKit.framework; path = Platforms/AppleTVOS.platform/Developer/SDKs/AppleTVOS13.0.sdk/System/Library/Frameworks/CloudKit.framework; sourceTree = DEVELOPER_DIR; };
		DA2EB2F122E79038006CF023 /* Lateral Thinking.entitlements */ = {isa = PBXFileReference; lastKnownFileType = text.plist.entitlements; path = "Lateral Thinking.entitlements"; sourceTree = "<group>"; };
		DA2EB2F222E7903D006CF023 /* CloudKit.framework */ = {isa = PBXFileReference; lastKnownFileType = wrapper.framework; name = CloudKit.framework; path = System/Library/Frameworks/CloudKit.framework; sourceTree = SDKROOT; };
		DA2EB2F522E79051006CF023 /* CloudKit.framework */ = {isa = PBXFileReference; lastKnownFileType = wrapper.framework; name = CloudKit.framework; path = Platforms/WatchOS.platform/Developer/SDKs/WatchOS6.0.sdk/System/Library/Frameworks/CloudKit.framework; sourceTree = DEVELOPER_DIR; };
		DA36855222E73D1900EE2819 /* TestingAppDelegate.swift */ = {isa = PBXFileReference; fileEncoding = 4; lastKnownFileType = sourcecode.swift; path = TestingAppDelegate.swift; sourceTree = "<group>"; };
		DA52202C22EBA3C900E0AF27 /* Lateral Thinking watchOS.app */ = {isa = PBXFileReference; explicitFileType = wrapper.application; includeInIndex = 0; path = "Lateral Thinking watchOS.app"; sourceTree = BUILT_PRODUCTS_DIR; };
		DA52202F22EBA3C900E0AF27 /* Lateral Thinking watchOS WatchKit App.app */ = {isa = PBXFileReference; explicitFileType = wrapper.application; includeInIndex = 0; path = "Lateral Thinking watchOS WatchKit App.app"; sourceTree = BUILT_PRODUCTS_DIR; };
		DA52203522EBA3C900E0AF27 /* Base */ = {isa = PBXFileReference; lastKnownFileType = file.storyboard; name = Base; path = Base.lproj/Interface.storyboard; sourceTree = "<group>"; };
		DA52203722EBA3CB00E0AF27 /* Assets.xcassets */ = {isa = PBXFileReference; lastKnownFileType = folder.assetcatalog; path = Assets.xcassets; sourceTree = "<group>"; };
		DA52203922EBA3CB00E0AF27 /* Info.plist */ = {isa = PBXFileReference; lastKnownFileType = text.plist.xml; path = Info.plist; sourceTree = "<group>"; };
		DA52203E22EBA3CB00E0AF27 /* Lateral Thinking watchOS WatchKit Extension.appex */ = {isa = PBXFileReference; explicitFileType = "wrapper.app-extension"; includeInIndex = 0; path = "Lateral Thinking watchOS WatchKit Extension.appex"; sourceTree = BUILT_PRODUCTS_DIR; };
		DA52204522EBA3CB00E0AF27 /* HostingController.swift */ = {isa = PBXFileReference; lastKnownFileType = sourcecode.swift; path = HostingController.swift; sourceTree = "<group>"; };
		DA52204722EBA3CB00E0AF27 /* ExtensionDelegate.swift */ = {isa = PBXFileReference; lastKnownFileType = sourcecode.swift; path = ExtensionDelegate.swift; sourceTree = "<group>"; };
		DA52204922EBA3CC00E0AF27 /* Assets.xcassets */ = {isa = PBXFileReference; lastKnownFileType = folder.assetcatalog; path = Assets.xcassets; sourceTree = "<group>"; };
		DA52204C22EBA3CC00E0AF27 /* Preview Assets.xcassets */ = {isa = PBXFileReference; lastKnownFileType = folder.assetcatalog; path = "Preview Assets.xcassets"; sourceTree = "<group>"; };
		DA52204E22EBA3CC00E0AF27 /* Info.plist */ = {isa = PBXFileReference; lastKnownFileType = text.plist.xml; path = Info.plist; sourceTree = "<group>"; };
		DA52205B22EBA7FE00E0AF27 /* CardView.swift */ = {isa = PBXFileReference; lastKnownFileType = sourcecode.swift; name = CardView.swift; path = "../../../../../../../System/Volumes/Data/Users/paul/projects/Lateral Thinking Project/Lateral Thinking/Lateral Thinking watchOS WatchKit Extension/Features/CardView.swift"; sourceTree = "<group>"; };
		DA52206322EBB0FE00E0AF27 /* Lateral Thinking watchOS WatchKit Extension.entitlements */ = {isa = PBXFileReference; lastKnownFileType = text.plist.entitlements; path = "Lateral Thinking watchOS WatchKit Extension.entitlements"; sourceTree = "<group>"; };
		DA57C5C222E88F9D006C8F22 /* Lateral Thinking Core */ = {isa = PBXFileReference; lastKnownFileType = folder; name = "Lateral Thinking Core"; path = "/Users/paul/projects/Lateral Thinking Project/Lateral Thinking Core"; sourceTree = "<absolute>"; };
		DA88458F22EB82B600A32E36 /* CardView.swift */ = {isa = PBXFileReference; fileEncoding = 4; lastKnownFileType = sourcecode.swift; path = CardView.swift; sourceTree = "<group>"; };
		DAB7B77222E4F00A0091EEF3 /* NotoSerif-BoldItalic.ttf */ = {isa = PBXFileReference; lastKnownFileType = file; path = "NotoSerif-BoldItalic.ttf"; sourceTree = "<group>"; };
		DAB7B77322E4F00A0091EEF3 /* NotoSerif-Regular.ttf */ = {isa = PBXFileReference; lastKnownFileType = file; path = "NotoSerif-Regular.ttf"; sourceTree = "<group>"; };
		DAB7B77422E4F00A0091EEF3 /* NotoSerif-Italic.ttf */ = {isa = PBXFileReference; lastKnownFileType = file; path = "NotoSerif-Italic.ttf"; sourceTree = "<group>"; };
		DAB7B77522E4F00A0091EEF3 /* NotoSerif-Bold.ttf */ = {isa = PBXFileReference; lastKnownFileType = file; path = "NotoSerif-Bold.ttf"; sourceTree = "<group>"; };
		DAB7B77622E4F00A0091EEF3 /* LICENSE.txt */ = {isa = PBXFileReference; fileEncoding = 4; lastKnownFileType = text; path = LICENSE.txt; sourceTree = "<group>"; };
		DAFB17C122E4E376004C78E4 /* Lateral Thinking.app */ = {isa = PBXFileReference; explicitFileType = wrapper.application; includeInIndex = 0; path = "Lateral Thinking.app"; sourceTree = BUILT_PRODUCTS_DIR; };
		DAFB17C422E4E376004C78E4 /* AppDelegate.swift */ = {isa = PBXFileReference; lastKnownFileType = sourcecode.swift; path = AppDelegate.swift; sourceTree = "<group>"; };
		DAFB17C622E4E376004C78E4 /* SceneDelegate.swift */ = {isa = PBXFileReference; lastKnownFileType = sourcecode.swift; path = SceneDelegate.swift; sourceTree = "<group>"; };
		DAFB17C922E4E376004C78E4 /* Lateral_Thinking.xcdatamodel */ = {isa = PBXFileReference; lastKnownFileType = wrapper.xcdatamodel; path = Lateral_Thinking.xcdatamodel; sourceTree = "<group>"; };
		DAFB17CB22E4E376004C78E4 /* CardView.swift */ = {isa = PBXFileReference; lastKnownFileType = sourcecode.swift; path = CardView.swift; sourceTree = "<group>"; };
		DAFB17CD22E4E379004C78E4 /* Assets.xcassets */ = {isa = PBXFileReference; lastKnownFileType = folder.assetcatalog; path = Assets.xcassets; sourceTree = "<group>"; };
		DAFB17D022E4E379004C78E4 /* Preview Assets.xcassets */ = {isa = PBXFileReference; lastKnownFileType = folder.assetcatalog; path = "Preview Assets.xcassets"; sourceTree = "<group>"; };
		DAFB17D322E4E379004C78E4 /* Base */ = {isa = PBXFileReference; lastKnownFileType = file.storyboard; name = Base; path = Base.lproj/LaunchScreen.storyboard; sourceTree = "<group>"; };
		DAFB17D522E4E379004C78E4 /* Info.plist */ = {isa = PBXFileReference; lastKnownFileType = text.plist.xml; path = Info.plist; sourceTree = "<group>"; };
		DAFB17DA22E4E379004C78E4 /* Lateral ThinkingTests.xctest */ = {isa = PBXFileReference; explicitFileType = wrapper.cfbundle; includeInIndex = 0; path = "Lateral ThinkingTests.xctest"; sourceTree = BUILT_PRODUCTS_DIR; };
		DAFB17DE22E4E379004C78E4 /* Lateral_ThinkingTests.swift */ = {isa = PBXFileReference; lastKnownFileType = sourcecode.swift; path = Lateral_ThinkingTests.swift; sourceTree = "<group>"; };
		DAFB17E022E4E379004C78E4 /* Info.plist */ = {isa = PBXFileReference; lastKnownFileType = text.plist.xml; path = Info.plist; sourceTree = "<group>"; };
		DAFB17E522E4E379004C78E4 /* Lateral ThinkingUITests.xctest */ = {isa = PBXFileReference; explicitFileType = wrapper.cfbundle; includeInIndex = 0; path = "Lateral ThinkingUITests.xctest"; sourceTree = BUILT_PRODUCTS_DIR; };
		DAFB17E922E4E379004C78E4 /* Lateral_ThinkingUITests.swift */ = {isa = PBXFileReference; lastKnownFileType = sourcecode.swift; path = Lateral_ThinkingUITests.swift; sourceTree = "<group>"; };
		DAFB17EB22E4E379004C78E4 /* Info.plist */ = {isa = PBXFileReference; lastKnownFileType = text.plist.xml; path = Info.plist; sourceTree = "<group>"; };
		DAFB17F722E4E40D004C78E4 /* MainMenuView.swift */ = {isa = PBXFileReference; lastKnownFileType = sourcecode.swift; path = MainMenuView.swift; sourceTree = "<group>"; };
/* End PBXFileReference section */

/* Begin PBXFrameworksBuildPhase section */
		DA2EB2B622E78EF7006CF023 /* Frameworks */ = {
			isa = PBXFrameworksBuildPhase;
			buildActionMask = 2147483647;
			files = (
				DA2EB2F022E79029006CF023 /* CloudKit.framework in Frameworks */,
				DA1F6C7B22EB8921003292DE /* CoreData.framework in Frameworks */,
				DA88459222EB832000A32E36 /* LateralThinking in Frameworks */,
				DA2EB2FD22E79454006CF023 /* CombineFeedback in Frameworks */,
				DA2EB2EC22E78F6D006CF023 /* Entwine in Frameworks */,
				DA2EB2FF22E79454006CF023 /* CombineFeedbackUI in Frameworks */,
			);
			runOnlyForDeploymentPostprocessing = 0;
		};
		DA2EB2C922E78EF9006CF023 /* Frameworks */ = {
			isa = PBXFrameworksBuildPhase;
			buildActionMask = 2147483647;
			files = (
			);
			runOnlyForDeploymentPostprocessing = 0;
		};
		DA2EB2D422E78EF9006CF023 /* Frameworks */ = {
			isa = PBXFrameworksBuildPhase;
			buildActionMask = 2147483647;
			files = (
			);
			runOnlyForDeploymentPostprocessing = 0;
		};
		DA52203B22EBA3CB00E0AF27 /* Frameworks */ = {
			isa = PBXFrameworksBuildPhase;
			buildActionMask = 2147483647;
			files = (
				DA52206422EBB10200E0AF27 /* CloudKit.framework in Frameworks */,
				DA52205E22EBA84400E0AF27 /* LateralThinking in Frameworks */,
				DA52206022EBA84400E0AF27 /* Entwine in Frameworks */,
			);
			runOnlyForDeploymentPostprocessing = 0;
		};
		DAFB17BE22E4E376004C78E4 /* Frameworks */ = {
			isa = PBXFrameworksBuildPhase;
			buildActionMask = 2147483647;
			files = (
				DA2EB2F322E7903D006CF023 /* CloudKit.framework in Frameworks */,
				DA337E4A22E8F3BB00A3DD3E /* LateralThinking in Frameworks */,
				DA2EB30122E7945F006CF023 /* CombineFeedback in Frameworks */,
				DA210D5E22E5E2DA005A41C9 /* Entwine in Frameworks */,
				DA2EB30322E7945F006CF023 /* CombineFeedbackUI in Frameworks */,
			);
			runOnlyForDeploymentPostprocessing = 0;
		};
		DAFB17D722E4E379004C78E4 /* Frameworks */ = {
			isa = PBXFrameworksBuildPhase;
			buildActionMask = 2147483647;
			files = (
				DA210D5C22E5E2DA005A41C9 /* EntwineTest in Frameworks */,
				DA36856022E7411100EE2819 /* Entwine in Frameworks */,
			);
			runOnlyForDeploymentPostprocessing = 0;
		};
		DAFB17E222E4E379004C78E4 /* Frameworks */ = {
			isa = PBXFrameworksBuildPhase;
			buildActionMask = 2147483647;
			files = (
			);
			runOnlyForDeploymentPostprocessing = 0;
		};
/* End PBXFrameworksBuildPhase section */

/* Begin PBXGroup section */
		DA2EB2BA22E78EF7006CF023 /* Lateral Thinking tvOS */ = {
			isa = PBXGroup;
			children = (
				DA2EB38622E7A2D8006CF023 /* Features */,
				DA2EB38522E7A2CC006CF023 /* App Scene */,
				DA2EB2EE22E79027006CF023 /* Lateral Thinking tvOS.entitlements */,
				DA2EB2C222E78EF9006CF023 /* Assets.xcassets */,
				DA2EB2C722E78EF9006CF023 /* Info.plist */,
				DA2EB2C422E78EF9006CF023 /* Preview Content */,
			);
			path = "Lateral Thinking tvOS";
			sourceTree = "<group>";
		};
		DA2EB2C422E78EF9006CF023 /* Preview Content */ = {
			isa = PBXGroup;
			children = (
				DA2EB2C522E78EF9006CF023 /* Preview Assets.xcassets */,
			);
			path = "Preview Content";
			sourceTree = "<group>";
		};
		DA2EB2CF22E78EF9006CF023 /* Lateral Thinking tvOSTests */ = {
			isa = PBXGroup;
			children = (
				DA2EB2D022E78EF9006CF023 /* Lateral_Thinking_tvOSTests.swift */,
				DA2EB2D222E78EF9006CF023 /* Info.plist */,
			);
			path = "Lateral Thinking tvOSTests";
			sourceTree = "<group>";
		};
		DA2EB2DA22E78EF9006CF023 /* Lateral Thinking tvOSUITests */ = {
			isa = PBXGroup;
			children = (
				DA2EB2DB22E78EF9006CF023 /* Lateral_Thinking_tvOSUITests.swift */,
				DA2EB2DD22E78EF9006CF023 /* Info.plist */,
			);
			path = "Lateral Thinking tvOSUITests";
			sourceTree = "<group>";
		};
		DA2EB36C22E79C8B006CF023 /* Features */ = {
			isa = PBXGroup;
			children = (
				DAFB17CB22E4E376004C78E4 /* CardView.swift */,
			);
			path = Features;
			sourceTree = "<group>";
		};
		DA2EB38522E7A2CC006CF023 /* App Scene */ = {
			isa = PBXGroup;
			children = (
				DA2EB2BB22E78EF7006CF023 /* AppDelegate.swift */,
			);
			path = "App Scene";
			sourceTree = "<group>";
		};
		DA2EB38622E7A2D8006CF023 /* Features */ = {
			isa = PBXGroup;
			children = (
				DA88458F22EB82B600A32E36 /* CardView.swift */,
			);
			path = Features;
			sourceTree = "<group>";
		};
		DA36853922E65CAF00EE2819 /* Frameworks */ = {
			isa = PBXGroup;
			children = (
				DA1F6C7A22EB8921003292DE /* CoreData.framework */,
				DA57C5C222E88F9D006C8F22 /* Lateral Thinking Core */,
				DA2EB2F522E79051006CF023 /* CloudKit.framework */,
				DA2EB2F222E7903D006CF023 /* CloudKit.framework */,
				DA2EB2EF22E79029006CF023 /* CloudKit.framework */,
			);
			name = Frameworks;
			sourceTree = "<group>";
		};
		DA52203322EBA3C900E0AF27 /* Lateral Thinking watchOS WatchKit App */ = {
			isa = PBXGroup;
			children = (
				DA52203422EBA3C900E0AF27 /* Interface.storyboard */,
				DA52203722EBA3CB00E0AF27 /* Assets.xcassets */,
				DA52203922EBA3CB00E0AF27 /* Info.plist */,
			);
			path = "Lateral Thinking watchOS WatchKit App";
			sourceTree = "<group>";
		};
		DA52204222EBA3CB00E0AF27 /* Lateral Thinking watchOS WatchKit Extension */ = {
			isa = PBXGroup;
			children = (
				DA52206322EBB0FE00E0AF27 /* Lateral Thinking watchOS WatchKit Extension.entitlements */,
				DA52205A22EBA7E500E0AF27 /* Features */,
				DA52204522EBA3CB00E0AF27 /* HostingController.swift */,
				DA52204722EBA3CB00E0AF27 /* ExtensionDelegate.swift */,
				DA52204922EBA3CC00E0AF27 /* Assets.xcassets */,
				DA52204E22EBA3CC00E0AF27 /* Info.plist */,
				DA52204B22EBA3CC00E0AF27 /* Preview Content */,
			);
			path = "Lateral Thinking watchOS WatchKit Extension";
			sourceTree = "<group>";
		};
		DA52204B22EBA3CC00E0AF27 /* Preview Content */ = {
			isa = PBXGroup;
			children = (
				DA52204C22EBA3CC00E0AF27 /* Preview Assets.xcassets */,
			);
			path = "Preview Content";
			sourceTree = "<group>";
		};
		DA52205A22EBA7E500E0AF27 /* Features */ = {
			isa = PBXGroup;
			children = (
				DA52205B22EBA7FE00E0AF27 /* CardView.swift */,
			);
			path = Features;
			sourceTree = "<group>";
		};
		DAB7B77122E4F00A0091EEF3 /* Noto_Serif */ = {
			isa = PBXGroup;
			children = (
				DAB7B77222E4F00A0091EEF3 /* NotoSerif-BoldItalic.ttf */,
				DAB7B77322E4F00A0091EEF3 /* NotoSerif-Regular.ttf */,
				DAB7B77422E4F00A0091EEF3 /* NotoSerif-Italic.ttf */,
				DAB7B77522E4F00A0091EEF3 /* NotoSerif-Bold.ttf */,
				DAB7B77622E4F00A0091EEF3 /* LICENSE.txt */,
			);
			path = Noto_Serif;
			sourceTree = "<group>";
		};
		DAB7B77C22E4F00F0091EEF3 /* Fonts */ = {
			isa = PBXGroup;
			children = (
				DAB7B77122E4F00A0091EEF3 /* Noto_Serif */,
			);
			path = Fonts;
			sourceTree = "<group>";
		};
		DAFB17B822E4E376004C78E4 = {
			isa = PBXGroup;
			children = (
				DAFB17C322E4E376004C78E4 /* Lateral Thinking */,
				DAFB17DD22E4E379004C78E4 /* Lateral ThinkingTests */,
				DAFB17E822E4E379004C78E4 /* Lateral ThinkingUITests */,
				DA2EB2BA22E78EF7006CF023 /* Lateral Thinking tvOS */,
				DA2EB2CF22E78EF9006CF023 /* Lateral Thinking tvOSTests */,
				DA2EB2DA22E78EF9006CF023 /* Lateral Thinking tvOSUITests */,
				DA52203322EBA3C900E0AF27 /* Lateral Thinking watchOS WatchKit App */,
				DA52204222EBA3CB00E0AF27 /* Lateral Thinking watchOS WatchKit Extension */,
				DAFB17C222E4E376004C78E4 /* Products */,
				DA36853922E65CAF00EE2819 /* Frameworks */,
			);
			sourceTree = "<group>";
		};
		DAFB17C222E4E376004C78E4 /* Products */ = {
			isa = PBXGroup;
			children = (
				DAFB17C122E4E376004C78E4 /* Lateral Thinking.app */,
				DAFB17DA22E4E379004C78E4 /* Lateral ThinkingTests.xctest */,
				DAFB17E522E4E379004C78E4 /* Lateral ThinkingUITests.xctest */,
				DA2EB2B922E78EF7006CF023 /* Lateral Thinking tvOS.app */,
				DA2EB2CC22E78EF9006CF023 /* Lateral Thinking tvOSTests.xctest */,
				DA2EB2D722E78EF9006CF023 /* Lateral Thinking tvOSUITests.xctest */,
				DA52202C22EBA3C900E0AF27 /* Lateral Thinking watchOS.app */,
				DA52202F22EBA3C900E0AF27 /* Lateral Thinking watchOS WatchKit App.app */,
				DA52203E22EBA3CB00E0AF27 /* Lateral Thinking watchOS WatchKit Extension.appex */,
			);
			name = Products;
			sourceTree = "<group>";
		};
		DAFB17C322E4E376004C78E4 /* Lateral Thinking */ = {
			isa = PBXGroup;
			children = (
				DA2EB2F122E79038006CF023 /* Lateral Thinking.entitlements */,
				DAFB17FB22E4E4BD004C78E4 /* App */,
				DAB7B77C22E4F00F0091EEF3 /* Fonts */,
				DA2EB36C22E79C8B006CF023 /* Features */,
				DAFB17CD22E4E379004C78E4 /* Assets.xcassets */,
				DAFB17D222E4E379004C78E4 /* LaunchScreen.storyboard */,
				DAFB17D522E4E379004C78E4 /* Info.plist */,
				DAFB17C822E4E376004C78E4 /* Lateral_Thinking.xcdatamodeld */,
				DAFB17CF22E4E379004C78E4 /* Preview Content */,
				DAFB17F722E4E40D004C78E4 /* MainMenuView.swift */,
			);
			path = "Lateral Thinking";
			sourceTree = "<group>";
		};
		DAFB17CF22E4E379004C78E4 /* Preview Content */ = {
			isa = PBXGroup;
			children = (
				DAFB17D022E4E379004C78E4 /* Preview Assets.xcassets */,
			);
			path = "Preview Content";
			sourceTree = "<group>";
		};
		DAFB17DD22E4E379004C78E4 /* Lateral ThinkingTests */ = {
			isa = PBXGroup;
			children = (
				DA36855222E73D1900EE2819 /* TestingAppDelegate.swift */,
				DAFB17DE22E4E379004C78E4 /* Lateral_ThinkingTests.swift */,
				DAFB17E022E4E379004C78E4 /* Info.plist */,
			);
			path = "Lateral ThinkingTests";
			sourceTree = "<group>";
		};
		DAFB17E822E4E379004C78E4 /* Lateral ThinkingUITests */ = {
			isa = PBXGroup;
			children = (
				DAFB17E922E4E379004C78E4 /* Lateral_ThinkingUITests.swift */,
				DAFB17EB22E4E379004C78E4 /* Info.plist */,
			);
			path = "Lateral ThinkingUITests";
			sourceTree = "<group>";
		};
		DAFB17FB22E4E4BD004C78E4 /* App */ = {
			isa = PBXGroup;
			children = (
				DAFB17C422E4E376004C78E4 /* AppDelegate.swift */,
				DAFB17C622E4E376004C78E4 /* SceneDelegate.swift */,
			);
			path = App;
			sourceTree = "<group>";
		};
/* End PBXGroup section */

/* Begin PBXNativeTarget section */
		DA2EB2B822E78EF7006CF023 /* Lateral Thinking tvOS */ = {
			isa = PBXNativeTarget;
			buildConfigurationList = DA2EB2DE22E78EF9006CF023 /* Build configuration list for PBXNativeTarget "Lateral Thinking tvOS" */;
			buildPhases = (
				DA2EB2B522E78EF7006CF023 /* Sources */,
				DA2EB2B622E78EF7006CF023 /* Frameworks */,
				DA2EB2B722E78EF7006CF023 /* Resources */,
			);
			buildRules = (
			);
			dependencies = (
			);
			name = "Lateral Thinking tvOS";
			packageProductDependencies = (
				DA2EB2EB22E78F6D006CF023 /* Entwine */,
				DA2EB2FC22E79454006CF023 /* CombineFeedback */,
				DA2EB2FE22E79454006CF023 /* CombineFeedbackUI */,
				DA88459122EB832000A32E36 /* LateralThinking */,
			);
			productName = "Lateral Thinking tvOS";
			productReference = DA2EB2B922E78EF7006CF023 /* Lateral Thinking tvOS.app */;
			productType = "com.apple.product-type.application";
		};
		DA2EB2CB22E78EF9006CF023 /* Lateral Thinking tvOSTests */ = {
			isa = PBXNativeTarget;
			buildConfigurationList = DA2EB2E122E78EF9006CF023 /* Build configuration list for PBXNativeTarget "Lateral Thinking tvOSTests" */;
			buildPhases = (
				DA2EB2C822E78EF9006CF023 /* Sources */,
				DA2EB2C922E78EF9006CF023 /* Frameworks */,
				DA2EB2CA22E78EF9006CF023 /* Resources */,
			);
			buildRules = (
			);
			dependencies = (
				DA2EB2CE22E78EF9006CF023 /* PBXTargetDependency */,
			);
			name = "Lateral Thinking tvOSTests";
			productName = "Lateral Thinking tvOSTests";
			productReference = DA2EB2CC22E78EF9006CF023 /* Lateral Thinking tvOSTests.xctest */;
			productType = "com.apple.product-type.bundle.unit-test";
		};
		DA2EB2D622E78EF9006CF023 /* Lateral Thinking tvOSUITests */ = {
			isa = PBXNativeTarget;
			buildConfigurationList = DA2EB2E422E78EF9006CF023 /* Build configuration list for PBXNativeTarget "Lateral Thinking tvOSUITests" */;
			buildPhases = (
				DA2EB2D322E78EF9006CF023 /* Sources */,
				DA2EB2D422E78EF9006CF023 /* Frameworks */,
				DA2EB2D522E78EF9006CF023 /* Resources */,
			);
			buildRules = (
			);
			dependencies = (
				DA2EB2D922E78EF9006CF023 /* PBXTargetDependency */,
			);
			name = "Lateral Thinking tvOSUITests";
			productName = "Lateral Thinking tvOSUITests";
			productReference = DA2EB2D722E78EF9006CF023 /* Lateral Thinking tvOSUITests.xctest */;
			productType = "com.apple.product-type.bundle.ui-testing";
		};
		DA52202B22EBA3C900E0AF27 /* Lateral Thinking watchOS */ = {
			isa = PBXNativeTarget;
			buildConfigurationList = DA52205722EBA3CC00E0AF27 /* Build configuration list for PBXNativeTarget "Lateral Thinking watchOS" */;
			buildPhases = (
				DA52202A22EBA3C900E0AF27 /* Resources */,
				DA52205622EBA3CC00E0AF27 /* Embed Watch Content */,
			);
			buildRules = (
			);
			dependencies = (
				DA52203222EBA3C900E0AF27 /* PBXTargetDependency */,
			);
			name = "Lateral Thinking watchOS";
			productName = "Lateral Thinking watchOS";
			productReference = DA52202C22EBA3C900E0AF27 /* Lateral Thinking watchOS.app */;
			productType = "com.apple.product-type.application.watchapp2-container";
		};
		DA52202E22EBA3C900E0AF27 /* Lateral Thinking watchOS WatchKit App */ = {
			isa = PBXNativeTarget;
			buildConfigurationList = DA52205322EBA3CC00E0AF27 /* Build configuration list for PBXNativeTarget "Lateral Thinking watchOS WatchKit App" */;
			buildPhases = (
				DA52202D22EBA3C900E0AF27 /* Resources */,
				DA52205222EBA3CC00E0AF27 /* Embed App Extensions */,
			);
			buildRules = (
			);
			dependencies = (
				DA52204122EBA3CB00E0AF27 /* PBXTargetDependency */,
			);
			name = "Lateral Thinking watchOS WatchKit App";
			productName = "Lateral Thinking watchOS WatchKit App";
			productReference = DA52202F22EBA3C900E0AF27 /* Lateral Thinking watchOS WatchKit App.app */;
			productType = "com.apple.product-type.application.watchapp2";
		};
		DA52203D22EBA3CB00E0AF27 /* Lateral Thinking watchOS WatchKit Extension */ = {
			isa = PBXNativeTarget;
			buildConfigurationList = DA52204F22EBA3CC00E0AF27 /* Build configuration list for PBXNativeTarget "Lateral Thinking watchOS WatchKit Extension" */;
			buildPhases = (
				DA52203A22EBA3CB00E0AF27 /* Sources */,
				DA52203B22EBA3CB00E0AF27 /* Frameworks */,
				DA52203C22EBA3CB00E0AF27 /* Resources */,
			);
			buildRules = (
			);
			dependencies = (
			);
			name = "Lateral Thinking watchOS WatchKit Extension";
			packageProductDependencies = (
				DA52205D22EBA84400E0AF27 /* LateralThinking */,
				DA52205F22EBA84400E0AF27 /* Entwine */,
			);
			productName = "Lateral Thinking watchOS WatchKit Extension";
			productReference = DA52203E22EBA3CB00E0AF27 /* Lateral Thinking watchOS WatchKit Extension.appex */;
			productType = "com.apple.product-type.watchkit2-extension";
		};
		DAFB17C022E4E376004C78E4 /* Lateral Thinking */ = {
			isa = PBXNativeTarget;
			buildConfigurationList = DAFB17EE22E4E379004C78E4 /* Build configuration list for PBXNativeTarget "Lateral Thinking" */;
			buildPhases = (
				DAFB17BD22E4E376004C78E4 /* Sources */,
				DAFB17BE22E4E376004C78E4 /* Frameworks */,
				DAFB17BF22E4E376004C78E4 /* Resources */,
				DA36852122E65AA500EE2819 /* Embed Frameworks */,
			);
			buildRules = (
			);
			dependencies = (
			);
			name = "Lateral Thinking";
			packageProductDependencies = (
				DA210D5D22E5E2DA005A41C9 /* Entwine */,
				DA2EB30022E7945F006CF023 /* CombineFeedback */,
				DA2EB30222E7945F006CF023 /* CombineFeedbackUI */,
				DA337E4922E8F3BB00A3DD3E /* LateralThinking */,
			);
			productName = "Lateral Thinking";
			productReference = DAFB17C122E4E376004C78E4 /* Lateral Thinking.app */;
			productType = "com.apple.product-type.application";
		};
		DAFB17D922E4E379004C78E4 /* Lateral ThinkingTests */ = {
			isa = PBXNativeTarget;
			buildConfigurationList = DAFB17F122E4E379004C78E4 /* Build configuration list for PBXNativeTarget "Lateral ThinkingTests" */;
			buildPhases = (
				DAFB17D622E4E379004C78E4 /* Sources */,
				DAFB17D722E4E379004C78E4 /* Frameworks */,
				DAFB17D822E4E379004C78E4 /* Resources */,
			);
			buildRules = (
			);
			dependencies = (
				DAFB17DC22E4E379004C78E4 /* PBXTargetDependency */,
			);
			name = "Lateral ThinkingTests";
			packageProductDependencies = (
				DA210D5B22E5E2DA005A41C9 /* EntwineTest */,
				DA36855F22E7411100EE2819 /* Entwine */,
			);
			productName = "Lateral ThinkingTests";
			productReference = DAFB17DA22E4E379004C78E4 /* Lateral ThinkingTests.xctest */;
			productType = "com.apple.product-type.bundle.unit-test";
		};
		DAFB17E422E4E379004C78E4 /* Lateral ThinkingUITests */ = {
			isa = PBXNativeTarget;
			buildConfigurationList = DAFB17F422E4E379004C78E4 /* Build configuration list for PBXNativeTarget "Lateral ThinkingUITests" */;
			buildPhases = (
				DAFB17E122E4E379004C78E4 /* Sources */,
				DAFB17E222E4E379004C78E4 /* Frameworks */,
				DAFB17E322E4E379004C78E4 /* Resources */,
			);
			buildRules = (
			);
			dependencies = (
				DAFB17E722E4E379004C78E4 /* PBXTargetDependency */,
			);
			name = "Lateral ThinkingUITests";
			productName = "Lateral ThinkingUITests";
			productReference = DAFB17E522E4E379004C78E4 /* Lateral ThinkingUITests.xctest */;
			productType = "com.apple.product-type.bundle.ui-testing";
		};
/* End PBXNativeTarget section */

/* Begin PBXProject section */
		DAFB17B922E4E376004C78E4 /* Project object */ = {
			isa = PBXProject;
			attributes = {
				LastSwiftUpdateCheck = 1100;
				LastUpgradeCheck = 1100;
				ORGANIZATIONNAME = "Paul Wood";
				TargetAttributes = {
					DA2EB2B822E78EF7006CF023 = {
						CreatedOnToolsVersion = 11.0;
					};
					DA2EB2CB22E78EF9006CF023 = {
						CreatedOnToolsVersion = 11.0;
						TestTargetID = DA2EB2B822E78EF7006CF023;
					};
					DA2EB2D622E78EF9006CF023 = {
						CreatedOnToolsVersion = 11.0;
						TestTargetID = DA2EB2B822E78EF7006CF023;
					};
					DA52202B22EBA3C900E0AF27 = {
						CreatedOnToolsVersion = 11.0;
					};
					DA52202E22EBA3C900E0AF27 = {
						CreatedOnToolsVersion = 11.0;
					};
					DA52203D22EBA3CB00E0AF27 = {
						CreatedOnToolsVersion = 11.0;
					};
					DAFB17C022E4E376004C78E4 = {
						CreatedOnToolsVersion = 11.0;
					};
					DAFB17D922E4E379004C78E4 = {
						CreatedOnToolsVersion = 11.0;
						TestTargetID = DAFB17C022E4E376004C78E4;
					};
					DAFB17E422E4E379004C78E4 = {
						CreatedOnToolsVersion = 11.0;
						TestTargetID = DAFB17C022E4E376004C78E4;
					};
				};
			};
			buildConfigurationList = DAFB17BC22E4E376004C78E4 /* Build configuration list for PBXProject "Lateral Thinking" */;
			compatibilityVersion = "Xcode 9.3";
			developmentRegion = en;
			hasScannedForEncodings = 0;
			knownRegions = (
				en,
				Base,
			);
			mainGroup = DAFB17B822E4E376004C78E4;
			packageReferences = (
				DA210D5A22E5E2DA005A41C9 /* XCRemoteSwiftPackageReference "Entwine" */,
				DA2EB2F722E79442006CF023 /* XCRemoteSwiftPackageReference "CombineFeedback" */,
			);
			productRefGroup = DAFB17C222E4E376004C78E4 /* Products */;
			projectDirPath = "";
			projectRoot = "";
			targets = (
				DAFB17C022E4E376004C78E4 /* Lateral Thinking */,
				DAFB17D922E4E379004C78E4 /* Lateral ThinkingTests */,
				DAFB17E422E4E379004C78E4 /* Lateral ThinkingUITests */,
				DA2EB2B822E78EF7006CF023 /* Lateral Thinking tvOS */,
				DA2EB2CB22E78EF9006CF023 /* Lateral Thinking tvOSTests */,
				DA2EB2D622E78EF9006CF023 /* Lateral Thinking tvOSUITests */,
				DA52202B22EBA3C900E0AF27 /* Lateral Thinking watchOS */,
				DA52202E22EBA3C900E0AF27 /* Lateral Thinking watchOS WatchKit App */,
				DA52203D22EBA3CB00E0AF27 /* Lateral Thinking watchOS WatchKit Extension */,
			);
		};
/* End PBXProject section */

/* Begin PBXResourcesBuildPhase section */
		DA2EB2B722E78EF7006CF023 /* Resources */ = {
			isa = PBXResourcesBuildPhase;
			buildActionMask = 2147483647;
			files = (
				DA1F6C9B22EB8B87003292DE /* Assets.xcassets in Resources */,
				DA2EB2C622E78EF9006CF023 /* Preview Assets.xcassets in Resources */,
			);
			runOnlyForDeploymentPostprocessing = 0;
		};
		DA2EB2CA22E78EF9006CF023 /* Resources */ = {
			isa = PBXResourcesBuildPhase;
			buildActionMask = 2147483647;
			files = (
			);
			runOnlyForDeploymentPostprocessing = 0;
		};
		DA2EB2D522E78EF9006CF023 /* Resources */ = {
			isa = PBXResourcesBuildPhase;
			buildActionMask = 2147483647;
			files = (
			);
			runOnlyForDeploymentPostprocessing = 0;
		};
		DA52202A22EBA3C900E0AF27 /* Resources */ = {
			isa = PBXResourcesBuildPhase;
			buildActionMask = 2147483647;
			files = (
			);
			runOnlyForDeploymentPostprocessing = 0;
		};
		DA52202D22EBA3C900E0AF27 /* Resources */ = {
			isa = PBXResourcesBuildPhase;
			buildActionMask = 2147483647;
			files = (
				DA52203822EBA3CB00E0AF27 /* Assets.xcassets in Resources */,
				DA52203622EBA3C900E0AF27 /* Interface.storyboard in Resources */,
			);
			runOnlyForDeploymentPostprocessing = 0;
		};
		DA52203C22EBA3CB00E0AF27 /* Resources */ = {
			isa = PBXResourcesBuildPhase;
			buildActionMask = 2147483647;
			files = (
				DA52204D22EBA3CC00E0AF27 /* Preview Assets.xcassets in Resources */,
				DA52204A22EBA3CC00E0AF27 /* Assets.xcassets in Resources */,
			);
			runOnlyForDeploymentPostprocessing = 0;
		};
		DAFB17BF22E4E376004C78E4 /* Resources */ = {
			isa = PBXResourcesBuildPhase;
			buildActionMask = 2147483647;
			files = (
				DAFB17D422E4E379004C78E4 /* LaunchScreen.storyboard in Resources */,
				DAFB17D122E4E379004C78E4 /* Preview Assets.xcassets in Resources */,
				DAB7B77822E4F00A0091EEF3 /* NotoSerif-Regular.ttf in Resources */,
				DAB7B77922E4F00A0091EEF3 /* NotoSerif-Italic.ttf in Resources */,
				DAFB17CE22E4E379004C78E4 /* Assets.xcassets in Resources */,
				DAB7B77A22E4F00A0091EEF3 /* NotoSerif-Bold.ttf in Resources */,
				DAB7B77B22E4F00A0091EEF3 /* LICENSE.txt in Resources */,
				DAB7B77722E4F00A0091EEF3 /* NotoSerif-BoldItalic.ttf in Resources */,
			);
			runOnlyForDeploymentPostprocessing = 0;
		};
		DAFB17D822E4E379004C78E4 /* Resources */ = {
			isa = PBXResourcesBuildPhase;
			buildActionMask = 2147483647;
			files = (
			);
			runOnlyForDeploymentPostprocessing = 0;
		};
		DAFB17E322E4E379004C78E4 /* Resources */ = {
			isa = PBXResourcesBuildPhase;
			buildActionMask = 2147483647;
			files = (
			);
			runOnlyForDeploymentPostprocessing = 0;
		};
/* End PBXResourcesBuildPhase section */

/* Begin PBXSourcesBuildPhase section */
		DA2EB2B522E78EF7006CF023 /* Sources */ = {
			isa = PBXSourcesBuildPhase;
			buildActionMask = 2147483647;
			files = (
				DA2EB2BC22E78EF7006CF023 /* AppDelegate.swift in Sources */,
				DA88459022EB82B600A32E36 /* CardView.swift in Sources */,
			);
			runOnlyForDeploymentPostprocessing = 0;
		};
		DA2EB2C822E78EF9006CF023 /* Sources */ = {
			isa = PBXSourcesBuildPhase;
			buildActionMask = 2147483647;
			files = (
				DA2EB2D122E78EF9006CF023 /* Lateral_Thinking_tvOSTests.swift in Sources */,
			);
			runOnlyForDeploymentPostprocessing = 0;
		};
		DA2EB2D322E78EF9006CF023 /* Sources */ = {
			isa = PBXSourcesBuildPhase;
			buildActionMask = 2147483647;
			files = (
				DA2EB2DC22E78EF9006CF023 /* Lateral_Thinking_tvOSUITests.swift in Sources */,
			);
			runOnlyForDeploymentPostprocessing = 0;
		};
		DA52203A22EBA3CB00E0AF27 /* Sources */ = {
			isa = PBXSourcesBuildPhase;
			buildActionMask = 2147483647;
			files = (
				DA52204622EBA3CB00E0AF27 /* HostingController.swift in Sources */,
				DA52205C22EBA7FE00E0AF27 /* CardView.swift in Sources */,
				DA52204822EBA3CB00E0AF27 /* ExtensionDelegate.swift in Sources */,
			);
			runOnlyForDeploymentPostprocessing = 0;
		};
		DAFB17BD22E4E376004C78E4 /* Sources */ = {
			isa = PBXSourcesBuildPhase;
			buildActionMask = 2147483647;
			files = (
				DAFB17F822E4E40D004C78E4 /* MainMenuView.swift in Sources */,
				DAFB17C522E4E376004C78E4 /* AppDelegate.swift in Sources */,
				DAFB17C722E4E376004C78E4 /* SceneDelegate.swift in Sources */,
				DAFB17CA22E4E376004C78E4 /* Lateral_Thinking.xcdatamodeld in Sources */,
				DA2EB36D22E79C9C006CF023 /* CardView.swift in Sources */,
			);
			runOnlyForDeploymentPostprocessing = 0;
		};
		DAFB17D622E4E379004C78E4 /* Sources */ = {
			isa = PBXSourcesBuildPhase;
			buildActionMask = 2147483647;
			files = (
				DAFB17DF22E4E379004C78E4 /* Lateral_ThinkingTests.swift in Sources */,
				DA36855322E73D1900EE2819 /* TestingAppDelegate.swift in Sources */,
			);
			runOnlyForDeploymentPostprocessing = 0;
		};
		DAFB17E122E4E379004C78E4 /* Sources */ = {
			isa = PBXSourcesBuildPhase;
			buildActionMask = 2147483647;
			files = (
				DAFB17EA22E4E379004C78E4 /* Lateral_ThinkingUITests.swift in Sources */,
			);
			runOnlyForDeploymentPostprocessing = 0;
		};
/* End PBXSourcesBuildPhase section */

/* Begin PBXTargetDependency section */
		DA2EB2CE22E78EF9006CF023 /* PBXTargetDependency */ = {
			isa = PBXTargetDependency;
			target = DA2EB2B822E78EF7006CF023 /* Lateral Thinking tvOS */;
			targetProxy = DA2EB2CD22E78EF9006CF023 /* PBXContainerItemProxy */;
		};
		DA2EB2D922E78EF9006CF023 /* PBXTargetDependency */ = {
			isa = PBXTargetDependency;
			target = DA2EB2B822E78EF7006CF023 /* Lateral Thinking tvOS */;
			targetProxy = DA2EB2D822E78EF9006CF023 /* PBXContainerItemProxy */;
		};
		DA52203222EBA3C900E0AF27 /* PBXTargetDependency */ = {
			isa = PBXTargetDependency;
			target = DA52202E22EBA3C900E0AF27 /* Lateral Thinking watchOS WatchKit App */;
			targetProxy = DA52203122EBA3C900E0AF27 /* PBXContainerItemProxy */;
		};
		DA52204122EBA3CB00E0AF27 /* PBXTargetDependency */ = {
			isa = PBXTargetDependency;
			target = DA52203D22EBA3CB00E0AF27 /* Lateral Thinking watchOS WatchKit Extension */;
			targetProxy = DA52204022EBA3CB00E0AF27 /* PBXContainerItemProxy */;
		};
		DAFB17DC22E4E379004C78E4 /* PBXTargetDependency */ = {
			isa = PBXTargetDependency;
			target = DAFB17C022E4E376004C78E4 /* Lateral Thinking */;
			targetProxy = DAFB17DB22E4E379004C78E4 /* PBXContainerItemProxy */;
		};
		DAFB17E722E4E379004C78E4 /* PBXTargetDependency */ = {
			isa = PBXTargetDependency;
			target = DAFB17C022E4E376004C78E4 /* Lateral Thinking */;
			targetProxy = DAFB17E622E4E379004C78E4 /* PBXContainerItemProxy */;
		};
/* End PBXTargetDependency section */

/* Begin PBXVariantGroup section */
		DA52203422EBA3C900E0AF27 /* Interface.storyboard */ = {
			isa = PBXVariantGroup;
			children = (
				DA52203522EBA3C900E0AF27 /* Base */,
			);
			name = Interface.storyboard;
			sourceTree = "<group>";
		};
		DAFB17D222E4E379004C78E4 /* LaunchScreen.storyboard */ = {
			isa = PBXVariantGroup;
			children = (
				DAFB17D322E4E379004C78E4 /* Base */,
			);
			name = LaunchScreen.storyboard;
			sourceTree = "<group>";
		};
/* End PBXVariantGroup section */

/* Begin XCBuildConfiguration section */
		DA2EB2DF22E78EF9006CF023 /* Debug */ = {
			isa = XCBuildConfiguration;
			buildSettings = {
				ASSETCATALOG_COMPILER_APPICON_NAME = AppIcon;
				ASSETCATALOG_COMPILER_LAUNCHIMAGE_NAME = LaunchImage;
				CODE_SIGN_ENTITLEMENTS = "Lateral Thinking tvOS/Lateral Thinking tvOS.entitlements";
				CODE_SIGN_STYLE = Automatic;
				DEVELOPMENT_ASSET_PATHS = "\"Lateral Thinking tvOS\"/Preview\\ Content";
				DEVELOPMENT_TEAM = BDB4XSJTE3;
				ENABLE_PREVIEWS = YES;
				INFOPLIST_FILE = "Lateral Thinking tvOS/Info.plist";
				LD_RUNPATH_SEARCH_PATHS = (
					"$(inherited)",
					"@executable_path/Frameworks",
				);
				PRODUCT_BUNDLE_IDENTIFIER = "com.paulwoodiii.Lateral-Thinking-tvOS";
				PRODUCT_NAME = "$(TARGET_NAME)";
				SDKROOT = appletvos;
				SWIFT_VERSION = 5.0;
				TARGETED_DEVICE_FAMILY = 3;
				TVOS_DEPLOYMENT_TARGET = 13.0;
			};
			name = Debug;
		};
		DA2EB2E022E78EF9006CF023 /* Release */ = {
			isa = XCBuildConfiguration;
			buildSettings = {
				ASSETCATALOG_COMPILER_APPICON_NAME = AppIcon;
				ASSETCATALOG_COMPILER_LAUNCHIMAGE_NAME = LaunchImage;
				CODE_SIGN_ENTITLEMENTS = "Lateral Thinking tvOS/Lateral Thinking tvOS.entitlements";
				CODE_SIGN_STYLE = Automatic;
				DEVELOPMENT_ASSET_PATHS = "\"Lateral Thinking tvOS\"/Preview\\ Content";
				DEVELOPMENT_TEAM = BDB4XSJTE3;
				ENABLE_PREVIEWS = YES;
				INFOPLIST_FILE = "Lateral Thinking tvOS/Info.plist";
				LD_RUNPATH_SEARCH_PATHS = (
					"$(inherited)",
					"@executable_path/Frameworks",
				);
				PRODUCT_BUNDLE_IDENTIFIER = "com.paulwoodiii.Lateral-Thinking-tvOS";
				PRODUCT_NAME = "$(TARGET_NAME)";
				SDKROOT = appletvos;
				SWIFT_VERSION = 5.0;
				TARGETED_DEVICE_FAMILY = 3;
				TVOS_DEPLOYMENT_TARGET = 13.0;
			};
			name = Release;
		};
		DA2EB2E222E78EF9006CF023 /* Debug */ = {
			isa = XCBuildConfiguration;
			buildSettings = {
				ALWAYS_EMBED_SWIFT_STANDARD_LIBRARIES = YES;
				BUNDLE_LOADER = "$(TEST_HOST)";
				CODE_SIGN_STYLE = Automatic;
				DEVELOPMENT_TEAM = BDB4XSJTE3;
				INFOPLIST_FILE = "Lateral Thinking tvOSTests/Info.plist";
				LD_RUNPATH_SEARCH_PATHS = (
					"$(inherited)",
					"@executable_path/Frameworks",
					"@loader_path/Frameworks",
				);
				PRODUCT_BUNDLE_IDENTIFIER = "com.paulwoodiii.Lateral-Thinking-tvOSTests";
				PRODUCT_NAME = "$(TARGET_NAME)";
				SDKROOT = appletvos;
				SWIFT_VERSION = 5.0;
				TARGETED_DEVICE_FAMILY = 3;
				TEST_HOST = "$(BUILT_PRODUCTS_DIR)/Lateral Thinking tvOS.app/Lateral Thinking tvOS";
				TVOS_DEPLOYMENT_TARGET = 13.0;
			};
			name = Debug;
		};
		DA2EB2E322E78EF9006CF023 /* Release */ = {
			isa = XCBuildConfiguration;
			buildSettings = {
				ALWAYS_EMBED_SWIFT_STANDARD_LIBRARIES = YES;
				BUNDLE_LOADER = "$(TEST_HOST)";
				CODE_SIGN_STYLE = Automatic;
				DEVELOPMENT_TEAM = BDB4XSJTE3;
				INFOPLIST_FILE = "Lateral Thinking tvOSTests/Info.plist";
				LD_RUNPATH_SEARCH_PATHS = (
					"$(inherited)",
					"@executable_path/Frameworks",
					"@loader_path/Frameworks",
				);
				PRODUCT_BUNDLE_IDENTIFIER = "com.paulwoodiii.Lateral-Thinking-tvOSTests";
				PRODUCT_NAME = "$(TARGET_NAME)";
				SDKROOT = appletvos;
				SWIFT_VERSION = 5.0;
				TARGETED_DEVICE_FAMILY = 3;
				TEST_HOST = "$(BUILT_PRODUCTS_DIR)/Lateral Thinking tvOS.app/Lateral Thinking tvOS";
				TVOS_DEPLOYMENT_TARGET = 13.0;
			};
			name = Release;
		};
		DA2EB2E522E78EF9006CF023 /* Debug */ = {
			isa = XCBuildConfiguration;
			buildSettings = {
				ALWAYS_EMBED_SWIFT_STANDARD_LIBRARIES = YES;
				CODE_SIGN_STYLE = Automatic;
				DEVELOPMENT_TEAM = BDB4XSJTE3;
				INFOPLIST_FILE = "Lateral Thinking tvOSUITests/Info.plist";
				LD_RUNPATH_SEARCH_PATHS = (
					"$(inherited)",
					"@executable_path/Frameworks",
					"@loader_path/Frameworks",
				);
				PRODUCT_BUNDLE_IDENTIFIER = "com.paulwoodiii.Lateral-Thinking-tvOSUITests";
				PRODUCT_NAME = "$(TARGET_NAME)";
				SDKROOT = appletvos;
				SWIFT_VERSION = 5.0;
				TARGETED_DEVICE_FAMILY = 3;
				TEST_TARGET_NAME = "Lateral Thinking tvOS";
				TVOS_DEPLOYMENT_TARGET = 13.0;
			};
			name = Debug;
		};
		DA2EB2E622E78EF9006CF023 /* Release */ = {
			isa = XCBuildConfiguration;
			buildSettings = {
				ALWAYS_EMBED_SWIFT_STANDARD_LIBRARIES = YES;
				CODE_SIGN_STYLE = Automatic;
				DEVELOPMENT_TEAM = BDB4XSJTE3;
				INFOPLIST_FILE = "Lateral Thinking tvOSUITests/Info.plist";
				LD_RUNPATH_SEARCH_PATHS = (
					"$(inherited)",
					"@executable_path/Frameworks",
					"@loader_path/Frameworks",
				);
				PRODUCT_BUNDLE_IDENTIFIER = "com.paulwoodiii.Lateral-Thinking-tvOSUITests";
				PRODUCT_NAME = "$(TARGET_NAME)";
				SDKROOT = appletvos;
				SWIFT_VERSION = 5.0;
				TARGETED_DEVICE_FAMILY = 3;
				TEST_TARGET_NAME = "Lateral Thinking tvOS";
				TVOS_DEPLOYMENT_TARGET = 13.0;
			};
			name = Release;
		};
		DA52205022EBA3CC00E0AF27 /* Debug */ = {
			isa = XCBuildConfiguration;
			buildSettings = {
				ASSETCATALOG_COMPILER_COMPLICATION_NAME = Complication;
				CODE_SIGN_ENTITLEMENTS = "Lateral Thinking watchOS WatchKit Extension/Lateral Thinking watchOS WatchKit Extension.entitlements";
				CODE_SIGN_STYLE = Automatic;
				DEVELOPMENT_ASSET_PATHS = "\"Lateral Thinking watchOS WatchKit Extension\"/Preview\\ Content";
				DEVELOPMENT_TEAM = BDB4XSJTE3;
				ENABLE_PREVIEWS = YES;
				INFOPLIST_FILE = "Lateral Thinking watchOS WatchKit Extension/Info.plist";
				LD_RUNPATH_SEARCH_PATHS = (
					"$(inherited)",
					"@executable_path/Frameworks",
					"@executable_path/../../Frameworks",
				);
				PRODUCT_BUNDLE_IDENTIFIER = "com.paulwoodiii.Lateral-Thinking-watchOS.watchkitapp.watchkitextension";
				PRODUCT_NAME = "${TARGET_NAME}";
				SDKROOT = watchos;
				SKIP_INSTALL = YES;
				SWIFT_VERSION = 5.0;
				TARGETED_DEVICE_FAMILY = 4;
				WATCHOS_DEPLOYMENT_TARGET = 6.0;
			};
			name = Debug;
		};
		DA52205122EBA3CC00E0AF27 /* Release */ = {
			isa = XCBuildConfiguration;
			buildSettings = {
				ASSETCATALOG_COMPILER_COMPLICATION_NAME = Complication;
				CODE_SIGN_ENTITLEMENTS = "Lateral Thinking watchOS WatchKit Extension/Lateral Thinking watchOS WatchKit Extension.entitlements";
				CODE_SIGN_STYLE = Automatic;
				DEVELOPMENT_ASSET_PATHS = "\"Lateral Thinking watchOS WatchKit Extension\"/Preview\\ Content";
				DEVELOPMENT_TEAM = BDB4XSJTE3;
				ENABLE_PREVIEWS = YES;
				INFOPLIST_FILE = "Lateral Thinking watchOS WatchKit Extension/Info.plist";
				LD_RUNPATH_SEARCH_PATHS = (
					"$(inherited)",
					"@executable_path/Frameworks",
					"@executable_path/../../Frameworks",
				);
				PRODUCT_BUNDLE_IDENTIFIER = "com.paulwoodiii.Lateral-Thinking-watchOS.watchkitapp.watchkitextension";
				PRODUCT_NAME = "${TARGET_NAME}";
				SDKROOT = watchos;
				SKIP_INSTALL = YES;
				SWIFT_VERSION = 5.0;
				TARGETED_DEVICE_FAMILY = 4;
				WATCHOS_DEPLOYMENT_TARGET = 6.0;
			};
			name = Release;
		};
		DA52205422EBA3CC00E0AF27 /* Debug */ = {
			isa = XCBuildConfiguration;
			buildSettings = {
				ALWAYS_EMBED_SWIFT_STANDARD_LIBRARIES = YES;
				ASSETCATALOG_COMPILER_APPICON_NAME = AppIcon;
				CODE_SIGN_STYLE = Automatic;
				DEVELOPMENT_TEAM = BDB4XSJTE3;
				IBSC_MODULE = Lateral_Thinking_watchOS_WatchKit_Extension;
				INFOPLIST_FILE = "Lateral Thinking watchOS WatchKit App/Info.plist";
				PRODUCT_BUNDLE_IDENTIFIER = "com.paulwoodiii.Lateral-Thinking-watchOS.watchkitapp";
				PRODUCT_NAME = "$(TARGET_NAME)";
				SDKROOT = watchos;
				SKIP_INSTALL = YES;
				SWIFT_VERSION = 5.0;
				TARGETED_DEVICE_FAMILY = 4;
				WATCHOS_DEPLOYMENT_TARGET = 6.0;
			};
			name = Debug;
		};
		DA52205522EBA3CC00E0AF27 /* Release */ = {
			isa = XCBuildConfiguration;
			buildSettings = {
				ALWAYS_EMBED_SWIFT_STANDARD_LIBRARIES = YES;
				ASSETCATALOG_COMPILER_APPICON_NAME = AppIcon;
				CODE_SIGN_STYLE = Automatic;
				DEVELOPMENT_TEAM = BDB4XSJTE3;
				IBSC_MODULE = Lateral_Thinking_watchOS_WatchKit_Extension;
				INFOPLIST_FILE = "Lateral Thinking watchOS WatchKit App/Info.plist";
				PRODUCT_BUNDLE_IDENTIFIER = "com.paulwoodiii.Lateral-Thinking-watchOS.watchkitapp";
				PRODUCT_NAME = "$(TARGET_NAME)";
				SDKROOT = watchos;
				SKIP_INSTALL = YES;
				SWIFT_VERSION = 5.0;
				TARGETED_DEVICE_FAMILY = 4;
				WATCHOS_DEPLOYMENT_TARGET = 6.0;
			};
			name = Release;
		};
		DA52205822EBA3CC00E0AF27 /* Debug */ = {
			isa = XCBuildConfiguration;
			buildSettings = {
				CODE_SIGN_IDENTITY = "Apple Development";
				CODE_SIGN_STYLE = Automatic;
				CURRENT_PROJECT_VERSION = 1;
				DEVELOPMENT_TEAM = BDB4XSJTE3;
				MARKETING_VERSION = 1.0;
				PRODUCT_BUNDLE_IDENTIFIER = "com.paulwoodiii.Lateral-Thinking-watchOS";
				PRODUCT_NAME = "$(TARGET_NAME)";
				PROVISIONING_PROFILE_SPECIFIER = "";
				SWIFT_VERSION = 5.0;
			};
			name = Debug;
		};
		DA52205922EBA3CC00E0AF27 /* Release */ = {
			isa = XCBuildConfiguration;
			buildSettings = {
				CODE_SIGN_IDENTITY = "Apple Development";
				CODE_SIGN_STYLE = Automatic;
				CURRENT_PROJECT_VERSION = 1;
				DEVELOPMENT_TEAM = BDB4XSJTE3;
				MARKETING_VERSION = 1.0;
				PRODUCT_BUNDLE_IDENTIFIER = "com.paulwoodiii.Lateral-Thinking-watchOS";
				PRODUCT_NAME = "$(TARGET_NAME)";
				PROVISIONING_PROFILE_SPECIFIER = "";
				SWIFT_VERSION = 5.0;
			};
			name = Release;
		};
		DAFB17EC22E4E379004C78E4 /* Debug */ = {
			isa = XCBuildConfiguration;
			buildSettings = {
				ALWAYS_SEARCH_USER_PATHS = NO;
				CLANG_ANALYZER_NONNULL = YES;
				CLANG_ANALYZER_NUMBER_OBJECT_CONVERSION = YES_AGGRESSIVE;
				CLANG_CXX_LANGUAGE_STANDARD = "gnu++14";
				CLANG_CXX_LIBRARY = "libc++";
				CLANG_ENABLE_MODULES = YES;
				CLANG_ENABLE_OBJC_ARC = YES;
				CLANG_ENABLE_OBJC_WEAK = YES;
				CLANG_WARN_BLOCK_CAPTURE_AUTORELEASING = YES;
				CLANG_WARN_BOOL_CONVERSION = YES;
				CLANG_WARN_COMMA = YES;
				CLANG_WARN_CONSTANT_CONVERSION = YES;
				CLANG_WARN_DEPRECATED_OBJC_IMPLEMENTATIONS = YES;
				CLANG_WARN_DIRECT_OBJC_ISA_USAGE = YES_ERROR;
				CLANG_WARN_DOCUMENTATION_COMMENTS = YES;
				CLANG_WARN_EMPTY_BODY = YES;
				CLANG_WARN_ENUM_CONVERSION = YES;
				CLANG_WARN_INFINITE_RECURSION = YES;
				CLANG_WARN_INT_CONVERSION = YES;
				CLANG_WARN_NON_LITERAL_NULL_CONVERSION = YES;
				CLANG_WARN_OBJC_IMPLICIT_RETAIN_SELF = YES;
				CLANG_WARN_OBJC_LITERAL_CONVERSION = YES;
				CLANG_WARN_OBJC_ROOT_CLASS = YES_ERROR;
				CLANG_WARN_RANGE_LOOP_ANALYSIS = YES;
				CLANG_WARN_STRICT_PROTOTYPES = YES;
				CLANG_WARN_SUSPICIOUS_MOVE = YES;
				CLANG_WARN_UNGUARDED_AVAILABILITY = YES_AGGRESSIVE;
				CLANG_WARN_UNREACHABLE_CODE = YES;
				CLANG_WARN__DUPLICATE_METHOD_MATCH = YES;
				COPY_PHASE_STRIP = NO;
				DEBUG_INFORMATION_FORMAT = dwarf;
				ENABLE_STRICT_OBJC_MSGSEND = YES;
				ENABLE_TESTABILITY = YES;
				GCC_C_LANGUAGE_STANDARD = gnu11;
				GCC_DYNAMIC_NO_PIC = NO;
				GCC_NO_COMMON_BLOCKS = YES;
				GCC_OPTIMIZATION_LEVEL = 0;
				GCC_PREPROCESSOR_DEFINITIONS = (
					"DEBUG=1",
					"$(inherited)",
				);
				GCC_WARN_64_TO_32_BIT_CONVERSION = YES;
				GCC_WARN_ABOUT_RETURN_TYPE = YES_ERROR;
				GCC_WARN_UNDECLARED_SELECTOR = YES;
				GCC_WARN_UNINITIALIZED_AUTOS = YES_AGGRESSIVE;
				GCC_WARN_UNUSED_FUNCTION = YES;
				GCC_WARN_UNUSED_VARIABLE = YES;
				IPHONEOS_DEPLOYMENT_TARGET = 13.0;
				MTL_ENABLE_DEBUG_INFO = INCLUDE_SOURCE;
				MTL_FAST_MATH = YES;
				ONLY_ACTIVE_ARCH = YES;
				SDKROOT = iphoneos;
				SWIFT_ACTIVE_COMPILATION_CONDITIONS = DEBUG;
				SWIFT_OPTIMIZATION_LEVEL = "-Onone";
			};
			name = Debug;
		};
		DAFB17ED22E4E379004C78E4 /* Release */ = {
			isa = XCBuildConfiguration;
			buildSettings = {
				ALWAYS_SEARCH_USER_PATHS = NO;
				CLANG_ANALYZER_NONNULL = YES;
				CLANG_ANALYZER_NUMBER_OBJECT_CONVERSION = YES_AGGRESSIVE;
				CLANG_CXX_LANGUAGE_STANDARD = "gnu++14";
				CLANG_CXX_LIBRARY = "libc++";
				CLANG_ENABLE_MODULES = YES;
				CLANG_ENABLE_OBJC_ARC = YES;
				CLANG_ENABLE_OBJC_WEAK = YES;
				CLANG_WARN_BLOCK_CAPTURE_AUTORELEASING = YES;
				CLANG_WARN_BOOL_CONVERSION = YES;
				CLANG_WARN_COMMA = YES;
				CLANG_WARN_CONSTANT_CONVERSION = YES;
				CLANG_WARN_DEPRECATED_OBJC_IMPLEMENTATIONS = YES;
				CLANG_WARN_DIRECT_OBJC_ISA_USAGE = YES_ERROR;
				CLANG_WARN_DOCUMENTATION_COMMENTS = YES;
				CLANG_WARN_EMPTY_BODY = YES;
				CLANG_WARN_ENUM_CONVERSION = YES;
				CLANG_WARN_INFINITE_RECURSION = YES;
				CLANG_WARN_INT_CONVERSION = YES;
				CLANG_WARN_NON_LITERAL_NULL_CONVERSION = YES;
				CLANG_WARN_OBJC_IMPLICIT_RETAIN_SELF = YES;
				CLANG_WARN_OBJC_LITERAL_CONVERSION = YES;
				CLANG_WARN_OBJC_ROOT_CLASS = YES_ERROR;
				CLANG_WARN_RANGE_LOOP_ANALYSIS = YES;
				CLANG_WARN_STRICT_PROTOTYPES = YES;
				CLANG_WARN_SUSPICIOUS_MOVE = YES;
				CLANG_WARN_UNGUARDED_AVAILABILITY = YES_AGGRESSIVE;
				CLANG_WARN_UNREACHABLE_CODE = YES;
				CLANG_WARN__DUPLICATE_METHOD_MATCH = YES;
				COPY_PHASE_STRIP = NO;
				DEBUG_INFORMATION_FORMAT = "dwarf-with-dsym";
				ENABLE_NS_ASSERTIONS = NO;
				ENABLE_STRICT_OBJC_MSGSEND = YES;
				GCC_C_LANGUAGE_STANDARD = gnu11;
				GCC_NO_COMMON_BLOCKS = YES;
				GCC_WARN_64_TO_32_BIT_CONVERSION = YES;
				GCC_WARN_ABOUT_RETURN_TYPE = YES_ERROR;
				GCC_WARN_UNDECLARED_SELECTOR = YES;
				GCC_WARN_UNINITIALIZED_AUTOS = YES_AGGRESSIVE;
				GCC_WARN_UNUSED_FUNCTION = YES;
				GCC_WARN_UNUSED_VARIABLE = YES;
				IPHONEOS_DEPLOYMENT_TARGET = 13.0;
				MTL_ENABLE_DEBUG_INFO = NO;
				MTL_FAST_MATH = YES;
				SDKROOT = iphoneos;
				SWIFT_COMPILATION_MODE = wholemodule;
				SWIFT_OPTIMIZATION_LEVEL = "-O";
				VALIDATE_PRODUCT = YES;
			};
			name = Release;
		};
		DAFB17EF22E4E379004C78E4 /* Debug */ = {
			isa = XCBuildConfiguration;
			buildSettings = {
				ASSETCATALOG_COMPILER_APPICON_NAME = AppIcon;
				CODE_SIGN_ENTITLEMENTS = "Lateral Thinking/Lateral Thinking.entitlements";
				CODE_SIGN_STYLE = Automatic;
				DEVELOPMENT_ASSET_PATHS = "\"Lateral Thinking\"/Preview\\ Content";
				DEVELOPMENT_TEAM = BDB4XSJTE3;
				ENABLE_PREVIEWS = YES;
				INFOPLIST_FILE = "Lateral Thinking/Info.plist";
				LD_RUNPATH_SEARCH_PATHS = (
					"$(inherited)",
					"@executable_path/Frameworks",
				);
				PRODUCT_BUNDLE_IDENTIFIER = "com.paulwoodiii.Lateral-Thinking";
				PRODUCT_NAME = "$(TARGET_NAME)";
				SWIFT_VERSION = 5.0;
				TARGETED_DEVICE_FAMILY = "1,2";
			};
			name = Debug;
		};
		DAFB17F022E4E379004C78E4 /* Release */ = {
			isa = XCBuildConfiguration;
			buildSettings = {
				ASSETCATALOG_COMPILER_APPICON_NAME = AppIcon;
				CODE_SIGN_ENTITLEMENTS = "Lateral Thinking/Lateral Thinking.entitlements";
				CODE_SIGN_STYLE = Automatic;
				DEVELOPMENT_ASSET_PATHS = "\"Lateral Thinking\"/Preview\\ Content";
				DEVELOPMENT_TEAM = BDB4XSJTE3;
				ENABLE_PREVIEWS = YES;
				INFOPLIST_FILE = "Lateral Thinking/Info.plist";
				LD_RUNPATH_SEARCH_PATHS = (
					"$(inherited)",
					"@executable_path/Frameworks",
				);
				PRODUCT_BUNDLE_IDENTIFIER = "com.paulwoodiii.Lateral-Thinking";
				PRODUCT_NAME = "$(TARGET_NAME)";
				SWIFT_VERSION = 5.0;
				TARGETED_DEVICE_FAMILY = "1,2";
			};
			name = Release;
		};
		DAFB17F222E4E379004C78E4 /* Debug */ = {
			isa = XCBuildConfiguration;
			buildSettings = {
				ALWAYS_EMBED_SWIFT_STANDARD_LIBRARIES = YES;
				BUNDLE_LOADER = "$(TEST_HOST)";
				CODE_SIGN_STYLE = Automatic;
				DEVELOPMENT_TEAM = BDB4XSJTE3;
				INFOPLIST_FILE = "Lateral ThinkingTests/Info.plist";
				LD_RUNPATH_SEARCH_PATHS = (
					"$(inherited)",
					"@executable_path/Frameworks",
					"@loader_path/Frameworks",
				);
				PRODUCT_BUNDLE_IDENTIFIER = "com.paulwoodiii.Lateral-ThinkingTests";
				PRODUCT_NAME = "$(TARGET_NAME)";
				SWIFT_VERSION = 5.0;
				TARGETED_DEVICE_FAMILY = "1,2";
				TEST_HOST = "$(BUILT_PRODUCTS_DIR)/Lateral Thinking.app/Lateral Thinking";
			};
			name = Debug;
		};
		DAFB17F322E4E379004C78E4 /* Release */ = {
			isa = XCBuildConfiguration;
			buildSettings = {
				ALWAYS_EMBED_SWIFT_STANDARD_LIBRARIES = YES;
				BUNDLE_LOADER = "$(TEST_HOST)";
				CODE_SIGN_STYLE = Automatic;
				DEVELOPMENT_TEAM = BDB4XSJTE3;
				INFOPLIST_FILE = "Lateral ThinkingTests/Info.plist";
				LD_RUNPATH_SEARCH_PATHS = (
					"$(inherited)",
					"@executable_path/Frameworks",
					"@loader_path/Frameworks",
				);
				PRODUCT_BUNDLE_IDENTIFIER = "com.paulwoodiii.Lateral-ThinkingTests";
				PRODUCT_NAME = "$(TARGET_NAME)";
				SWIFT_VERSION = 5.0;
				TARGETED_DEVICE_FAMILY = "1,2";
				TEST_HOST = "$(BUILT_PRODUCTS_DIR)/Lateral Thinking.app/Lateral Thinking";
			};
			name = Release;
		};
		DAFB17F522E4E379004C78E4 /* Debug */ = {
			isa = XCBuildConfiguration;
			buildSettings = {
				ALWAYS_EMBED_SWIFT_STANDARD_LIBRARIES = YES;
				CODE_SIGN_STYLE = Automatic;
				DEVELOPMENT_TEAM = BDB4XSJTE3;
				INFOPLIST_FILE = "Lateral ThinkingUITests/Info.plist";
				LD_RUNPATH_SEARCH_PATHS = (
					"$(inherited)",
					"@executable_path/Frameworks",
					"@loader_path/Frameworks",
				);
				PRODUCT_BUNDLE_IDENTIFIER = "com.paulwoodiii.Lateral-ThinkingUITests";
				PRODUCT_NAME = "$(TARGET_NAME)";
				SWIFT_VERSION = 5.0;
				TARGETED_DEVICE_FAMILY = "1,2";
				TEST_TARGET_NAME = "Lateral Thinking";
			};
			name = Debug;
		};
		DAFB17F622E4E379004C78E4 /* Release */ = {
			isa = XCBuildConfiguration;
			buildSettings = {
				ALWAYS_EMBED_SWIFT_STANDARD_LIBRARIES = YES;
				CODE_SIGN_STYLE = Automatic;
				DEVELOPMENT_TEAM = BDB4XSJTE3;
				INFOPLIST_FILE = "Lateral ThinkingUITests/Info.plist";
				LD_RUNPATH_SEARCH_PATHS = (
					"$(inherited)",
					"@executable_path/Frameworks",
					"@loader_path/Frameworks",
				);
				PRODUCT_BUNDLE_IDENTIFIER = "com.paulwoodiii.Lateral-ThinkingUITests";
				PRODUCT_NAME = "$(TARGET_NAME)";
				SWIFT_VERSION = 5.0;
				TARGETED_DEVICE_FAMILY = "1,2";
				TEST_TARGET_NAME = "Lateral Thinking";
			};
			name = Release;
		};
/* End XCBuildConfiguration section */

/* Begin XCConfigurationList section */
		DA2EB2DE22E78EF9006CF023 /* Build configuration list for PBXNativeTarget "Lateral Thinking tvOS" */ = {
			isa = XCConfigurationList;
			buildConfigurations = (
				DA2EB2DF22E78EF9006CF023 /* Debug */,
				DA2EB2E022E78EF9006CF023 /* Release */,
			);
			defaultConfigurationIsVisible = 0;
			defaultConfigurationName = Release;
		};
		DA2EB2E122E78EF9006CF023 /* Build configuration list for PBXNativeTarget "Lateral Thinking tvOSTests" */ = {
			isa = XCConfigurationList;
			buildConfigurations = (
				DA2EB2E222E78EF9006CF023 /* Debug */,
				DA2EB2E322E78EF9006CF023 /* Release */,
			);
			defaultConfigurationIsVisible = 0;
			defaultConfigurationName = Release;
		};
		DA2EB2E422E78EF9006CF023 /* Build configuration list for PBXNativeTarget "Lateral Thinking tvOSUITests" */ = {
			isa = XCConfigurationList;
			buildConfigurations = (
				DA2EB2E522E78EF9006CF023 /* Debug */,
				DA2EB2E622E78EF9006CF023 /* Release */,
			);
			defaultConfigurationIsVisible = 0;
			defaultConfigurationName = Release;
		};
		DA52204F22EBA3CC00E0AF27 /* Build configuration list for PBXNativeTarget "Lateral Thinking watchOS WatchKit Extension" */ = {
			isa = XCConfigurationList;
			buildConfigurations = (
				DA52205022EBA3CC00E0AF27 /* Debug */,
				DA52205122EBA3CC00E0AF27 /* Release */,
			);
			defaultConfigurationIsVisible = 0;
			defaultConfigurationName = Release;
		};
		DA52205322EBA3CC00E0AF27 /* Build configuration list for PBXNativeTarget "Lateral Thinking watchOS WatchKit App" */ = {
			isa = XCConfigurationList;
			buildConfigurations = (
				DA52205422EBA3CC00E0AF27 /* Debug */,
				DA52205522EBA3CC00E0AF27 /* Release */,
			);
			defaultConfigurationIsVisible = 0;
			defaultConfigurationName = Release;
		};
		DA52205722EBA3CC00E0AF27 /* Build configuration list for PBXNativeTarget "Lateral Thinking watchOS" */ = {
			isa = XCConfigurationList;
			buildConfigurations = (
				DA52205822EBA3CC00E0AF27 /* Debug */,
				DA52205922EBA3CC00E0AF27 /* Release */,
			);
			defaultConfigurationIsVisible = 0;
			defaultConfigurationName = Release;
		};
		DAFB17BC22E4E376004C78E4 /* Build configuration list for PBXProject "Lateral Thinking" */ = {
			isa = XCConfigurationList;
			buildConfigurations = (
				DAFB17EC22E4E379004C78E4 /* Debug */,
				DAFB17ED22E4E379004C78E4 /* Release */,
			);
			defaultConfigurationIsVisible = 0;
			defaultConfigurationName = Release;
		};
		DAFB17EE22E4E379004C78E4 /* Build configuration list for PBXNativeTarget "Lateral Thinking" */ = {
			isa = XCConfigurationList;
			buildConfigurations = (
				DAFB17EF22E4E379004C78E4 /* Debug */,
				DAFB17F022E4E379004C78E4 /* Release */,
			);
			defaultConfigurationIsVisible = 0;
			defaultConfigurationName = Release;
		};
		DAFB17F122E4E379004C78E4 /* Build configuration list for PBXNativeTarget "Lateral ThinkingTests" */ = {
			isa = XCConfigurationList;
			buildConfigurations = (
				DAFB17F222E4E379004C78E4 /* Debug */,
				DAFB17F322E4E379004C78E4 /* Release */,
			);
			defaultConfigurationIsVisible = 0;
			defaultConfigurationName = Release;
		};
		DAFB17F422E4E379004C78E4 /* Build configuration list for PBXNativeTarget "Lateral ThinkingUITests" */ = {
			isa = XCConfigurationList;
			buildConfigurations = (
				DAFB17F522E4E379004C78E4 /* Debug */,
				DAFB17F622E4E379004C78E4 /* Release */,
			);
			defaultConfigurationIsVisible = 0;
			defaultConfigurationName = Release;
		};
/* End XCConfigurationList section */

/* Begin XCRemoteSwiftPackageReference section */
		DA210D5A22E5E2DA005A41C9 /* XCRemoteSwiftPackageReference "Entwine" */ = {
			isa = XCRemoteSwiftPackageReference;
			repositoryURL = "git@github.com:tcldr/Entwine.git";
			requirement = {
				kind = upToNextMajorVersion;
				minimumVersion = 0.6.0;
			};
		};
		DA2EB2F722E79442006CF023 /* XCRemoteSwiftPackageReference "CombineFeedback" */ = {
			isa = XCRemoteSwiftPackageReference;
			repositoryURL = "https://github.com/PaulWoodIII/CombineFeedback.git";
			requirement = {
				branch = add_tvos_watchos;
				kind = branch;
			};
		};
/* End XCRemoteSwiftPackageReference section */

/* Begin XCSwiftPackageProductDependency section */
		DA210D5B22E5E2DA005A41C9 /* EntwineTest */ = {
			isa = XCSwiftPackageProductDependency;
			package = DA210D5A22E5E2DA005A41C9 /* XCRemoteSwiftPackageReference "Entwine" */;
			productName = EntwineTest;
		};
		DA210D5D22E5E2DA005A41C9 /* Entwine */ = {
			isa = XCSwiftPackageProductDependency;
			package = DA210D5A22E5E2DA005A41C9 /* XCRemoteSwiftPackageReference "Entwine" */;
			productName = Entwine;
		};
		DA2EB2EB22E78F6D006CF023 /* Entwine */ = {
			isa = XCSwiftPackageProductDependency;
			package = DA210D5A22E5E2DA005A41C9 /* XCRemoteSwiftPackageReference "Entwine" */;
			productName = Entwine;
		};
		DA2EB2FC22E79454006CF023 /* CombineFeedback */ = {
			isa = XCSwiftPackageProductDependency;
			package = DA2EB2F722E79442006CF023 /* XCRemoteSwiftPackageReference "CombineFeedback" */;
			productName = CombineFeedback;
		};
		DA2EB2FE22E79454006CF023 /* CombineFeedbackUI */ = {
			isa = XCSwiftPackageProductDependency;
			package = DA2EB2F722E79442006CF023 /* XCRemoteSwiftPackageReference "CombineFeedback" */;
			productName = CombineFeedbackUI;
		};
		DA2EB30022E7945F006CF023 /* CombineFeedback */ = {
			isa = XCSwiftPackageProductDependency;
			package = DA2EB2F722E79442006CF023 /* XCRemoteSwiftPackageReference "CombineFeedback" */;
			productName = CombineFeedback;
		};
		DA2EB30222E7945F006CF023 /* CombineFeedbackUI */ = {
			isa = XCSwiftPackageProductDependency;
			package = DA2EB2F722E79442006CF023 /* XCRemoteSwiftPackageReference "CombineFeedback" */;
			productName = CombineFeedbackUI;
		};
		DA337E4922E8F3BB00A3DD3E /* LateralThinking */ = {
			isa = XCSwiftPackageProductDependency;
			productName = LateralThinking;
		};
		DA36855F22E7411100EE2819 /* Entwine */ = {
			isa = XCSwiftPackageProductDependency;
			package = DA210D5A22E5E2DA005A41C9 /* XCRemoteSwiftPackageReference "Entwine" */;
			productName = Entwine;
		};
		DA52205D22EBA84400E0AF27 /* LateralThinking */ = {
			isa = XCSwiftPackageProductDependency;
			productName = LateralThinking;
		};
		DA52205F22EBA84400E0AF27 /* Entwine */ = {
			isa = XCSwiftPackageProductDependency;
			package = DA210D5A22E5E2DA005A41C9 /* XCRemoteSwiftPackageReference "Entwine" */;
			productName = Entwine;
		};
		DA88459122EB832000A32E36 /* LateralThinking */ = {
			isa = XCSwiftPackageProductDependency;
			productName = LateralThinking;
		};
/* End XCSwiftPackageProductDependency section */

/* Begin XCVersionGroup section */
		DAFB17C822E4E376004C78E4 /* Lateral_Thinking.xcdatamodeld */ = {
			isa = XCVersionGroup;
			children = (
				DAFB17C922E4E376004C78E4 /* Lateral_Thinking.xcdatamodel */,
			);
			currentVersion = DAFB17C922E4E376004C78E4 /* Lateral_Thinking.xcdatamodel */;
			path = Lateral_Thinking.xcdatamodeld;
			sourceTree = "<group>";
			versionGroupType = wrapper.xcdatamodel;
		};
/* End XCVersionGroup section */
	};
	rootObject = DAFB17B922E4E376004C78E4 /* Project object */;
}
