// !$*UTF8*$!
{
	archiveVersion = 1;
	classes = {
	};
	objectVersion = 52;
	objects = {

/* Begin PBXBuildFile section */
		DA57C5AA22E88571006C8F22 /* AppDelegate.swift in Sources */ = {isa = PBXBuildFile; fileRef = DA57C5A922E88571006C8F22 /* AppDelegate.swift */; };
		DA57C5AC22E88571006C8F22 /* ContentView.swift in Sources */ = {isa = PBXBuildFile; fileRef = DA57C5AB22E88571006C8F22 /* ContentView.swift */; };
		DA57C5AE22E88572006C8F22 /* Assets.xcassets in Resources */ = {isa = PBXBuildFile; fileRef = DA57C5AD22E88572006C8F22 /* Assets.xcassets */; };
		DA57C5B122E88572006C8F22 /* Preview Assets.xcassets in Resources */ = {isa = PBXBuildFile; fileRef = DA57C5B022E88572006C8F22 /* Preview Assets.xcassets */; };
		DA57C5B422E88572006C8F22 /* Main.storyboard in Resources */ = {isa = PBXBuildFile; fileRef = DA57C5B222E88572006C8F22 /* Main.storyboard */; };
		DA8ECF1D22EB5E5D00820428 /* LateralThinking in Frameworks */ = {isa = PBXBuildFile; productRef = DA8ECF1C22EB5E5D00820428 /* LateralThinking */; };
		DA8ECF1F22EB5EC100820428 /* CloudKit.framework in Frameworks */ = {isa = PBXBuildFile; fileRef = DA8ECF1E22EB5EC100820428 /* CloudKit.framework */; };
		DA8ECF2322EB5F1300820428 /* CardView.swift in Sources */ = {isa = PBXBuildFile; fileRef = DA8ECF2222EB5F1300820428 /* CardView.swift */; };
		DA9E908D22E8A71B00299C15 /* CombineFeedback in Frameworks */ = {isa = PBXBuildFile; productRef = DA9E908C22E8A71B00299C15 /* CombineFeedback */; };
		DA9E908F22E8A71B00299C15 /* CombineFeedbackUI in Frameworks */ = {isa = PBXBuildFile; productRef = DA9E908E22E8A71B00299C15 /* CombineFeedbackUI */; };
		DA9E909222E8A75300299C15 /* Entwine in Frameworks */ = {isa = PBXBuildFile; productRef = DA9E909122E8A75300299C15 /* Entwine */; };
/* End PBXBuildFile section */

/* Begin PBXFileReference section */
		DA57C5A622E88571006C8F22 /* Lateral Thinking macOS.app */ = {isa = PBXFileReference; explicitFileType = wrapper.application; includeInIndex = 0; path = "Lateral Thinking macOS.app"; sourceTree = BUILT_PRODUCTS_DIR; };
		DA57C5A922E88571006C8F22 /* AppDelegate.swift */ = {isa = PBXFileReference; lastKnownFileType = sourcecode.swift; path = AppDelegate.swift; sourceTree = "<group>"; };
		DA57C5AB22E88571006C8F22 /* ContentView.swift */ = {isa = PBXFileReference; lastKnownFileType = sourcecode.swift; path = ContentView.swift; sourceTree = "<group>"; };
		DA57C5AD22E88572006C8F22 /* Assets.xcassets */ = {isa = PBXFileReference; lastKnownFileType = folder.assetcatalog; path = Assets.xcassets; sourceTree = "<group>"; };
		DA57C5B022E88572006C8F22 /* Preview Assets.xcassets */ = {isa = PBXFileReference; lastKnownFileType = folder.assetcatalog; path = "Preview Assets.xcassets"; sourceTree = "<group>"; };
		DA57C5B322E88572006C8F22 /* Base */ = {isa = PBXFileReference; lastKnownFileType = file.storyboard; name = Base; path = Base.lproj/Main.storyboard; sourceTree = "<group>"; };
		DA57C5B522E88572006C8F22 /* Info.plist */ = {isa = PBXFileReference; lastKnownFileType = text.plist.xml; path = Info.plist; sourceTree = "<group>"; };
		DA57C5B622E88572006C8F22 /* Lateral_Thinking_macOS.entitlements */ = {isa = PBXFileReference; lastKnownFileType = text.plist.entitlements; path = Lateral_Thinking_macOS.entitlements; sourceTree = "<group>"; };
		DA8ECF1E22EB5EC100820428 /* CloudKit.framework */ = {isa = PBXFileReference; lastKnownFileType = wrapper.framework; name = CloudKit.framework; path = System/Library/Frameworks/CloudKit.framework; sourceTree = SDKROOT; };
		DA8ECF2222EB5F1300820428 /* CardView.swift */ = {isa = PBXFileReference; lastKnownFileType = sourcecode.swift; name = CardView.swift; path = "../../../../../../../System/Volumes/Data/Users/paul/projects/Lateral Thinking Project/Lateral Thinking macOS/Lateral Thinking macOS/Features/CardView.swift"; sourceTree = "<group>"; };
/* End PBXFileReference section */

/* Begin PBXFrameworksBuildPhase section */
		DA57C5A322E88571006C8F22 /* Frameworks */ = {
			isa = PBXFrameworksBuildPhase;
			buildActionMask = 2147483647;
			files = (
				DA8ECF1F22EB5EC100820428 /* CloudKit.framework in Frameworks */,
				DA8ECF1D22EB5E5D00820428 /* LateralThinking in Frameworks */,
				DA9E909222E8A75300299C15 /* Entwine in Frameworks */,
				DA9E908F22E8A71B00299C15 /* CombineFeedbackUI in Frameworks */,
				DA9E908D22E8A71B00299C15 /* CombineFeedback in Frameworks */,
			);
			runOnlyForDeploymentPostprocessing = 0;
		};
/* End PBXFrameworksBuildPhase section */

/* Begin PBXGroup section */
		DA57C59D22E88571006C8F22 = {
			isa = PBXGroup;
			children = (
				DA57C5A822E88571006C8F22 /* Lateral Thinking macOS */,
				DA57C5A722E88571006C8F22 /* Products */,
				DA9E908822E8A6EB00299C15 /* Frameworks */,
			);
			sourceTree = "<group>";
		};
		DA57C5A722E88571006C8F22 /* Products */ = {
			isa = PBXGroup;
			children = (
				DA57C5A622E88571006C8F22 /* Lateral Thinking macOS.app */,
			);
			name = Products;
			sourceTree = "<group>";
		};
		DA57C5A822E88571006C8F22 /* Lateral Thinking macOS */ = {
			isa = PBXGroup;
			children = (
				DA8ECF2122EB5F0300820428 /* App */,
				DA8ECF2022EB5EFB00820428 /* Features */,
				DA57C5AB22E88571006C8F22 /* ContentView.swift */,
				DA57C5AD22E88572006C8F22 /* Assets.xcassets */,
				DA57C5B222E88572006C8F22 /* Main.storyboard */,
				DA57C5B522E88572006C8F22 /* Info.plist */,
				DA57C5B622E88572006C8F22 /* Lateral_Thinking_macOS.entitlements */,
				DA57C5AF22E88572006C8F22 /* Preview Content */,
			);
			path = "Lateral Thinking macOS";
			sourceTree = "<group>";
		};
		DA57C5AF22E88572006C8F22 /* Preview Content */ = {
			isa = PBXGroup;
			children = (
				DA57C5B022E88572006C8F22 /* Preview Assets.xcassets */,
			);
			path = "Preview Content";
			sourceTree = "<group>";
		};
		DA8ECF2022EB5EFB00820428 /* Features */ = {
			isa = PBXGroup;
			children = (
				DA8ECF2222EB5F1300820428 /* CardView.swift */,
			);
			path = Features;
			sourceTree = "<group>";
		};
		DA8ECF2122EB5F0300820428 /* App */ = {
			isa = PBXGroup;
			children = (
				DA57C5A922E88571006C8F22 /* AppDelegate.swift */,
			);
			path = App;
			sourceTree = "<group>";
		};
		DA9E908822E8A6EB00299C15 /* Frameworks */ = {
			isa = PBXGroup;
			children = (
				DA8ECF1E22EB5EC100820428 /* CloudKit.framework */,
			);
			name = Frameworks;
			sourceTree = "<group>";
		};
/* End PBXGroup section */

/* Begin PBXNativeTarget section */
		DA57C5A522E88571006C8F22 /* Lateral Thinking macOS */ = {
			isa = PBXNativeTarget;
			buildConfigurationList = DA57C5B922E88572006C8F22 /* Build configuration list for PBXNativeTarget "Lateral Thinking macOS" */;
			buildPhases = (
				DA57C5A222E88571006C8F22 /* Sources */,
				DA57C5A322E88571006C8F22 /* Frameworks */,
				DA57C5A422E88571006C8F22 /* Resources */,
			);
			buildRules = (
			);
			dependencies = (
			);
			name = "Lateral Thinking macOS";
			packageProductDependencies = (
				DA9E908C22E8A71B00299C15 /* CombineFeedback */,
				DA9E908E22E8A71B00299C15 /* CombineFeedbackUI */,
				DA9E909122E8A75300299C15 /* Entwine */,
				DA8ECF1C22EB5E5D00820428 /* LateralThinking */,
			);
			productName = "Lateral Thinking macOS";
			productReference = DA57C5A622E88571006C8F22 /* Lateral Thinking macOS.app */;
			productType = "com.apple.product-type.application";
		};
/* End PBXNativeTarget section */

/* Begin PBXProject section */
		DA57C59E22E88571006C8F22 /* Project object */ = {
			isa = PBXProject;
			attributes = {
				LastSwiftUpdateCheck = 1100;
				LastUpgradeCheck = 1100;
				ORGANIZATIONNAME = "Paul Wood";
				TargetAttributes = {
					DA57C5A522E88571006C8F22 = {
						CreatedOnToolsVersion = 11.0;
					};
				};
			};
			buildConfigurationList = DA57C5A122E88571006C8F22 /* Build configuration list for PBXProject "Lateral Thinking macOS" */;
			compatibilityVersion = "Xcode 9.3";
			developmentRegion = en;
			hasScannedForEncodings = 0;
			knownRegions = (
				en,
				Base,
			);
			mainGroup = DA57C59D22E88571006C8F22;
			packageReferences = (
				DA9E908B22E8A71B00299C15 /* XCRemoteSwiftPackageReference "CombineFeedback" */,
				DA9E909022E8A75300299C15 /* XCRemoteSwiftPackageReference "Entwine" */,
			);
			productRefGroup = DA57C5A722E88571006C8F22 /* Products */;
			projectDirPath = "";
			projectRoot = "";
			targets = (
				DA57C5A522E88571006C8F22 /* Lateral Thinking macOS */,
			);
		};
/* End PBXProject section */

/* Begin PBXResourcesBuildPhase section */
		DA57C5A422E88571006C8F22 /* Resources */ = {
			isa = PBXResourcesBuildPhase;
			buildActionMask = 2147483647;
			files = (
				DA57C5B422E88572006C8F22 /* Main.storyboard in Resources */,
				DA57C5B122E88572006C8F22 /* Preview Assets.xcassets in Resources */,
				DA57C5AE22E88572006C8F22 /* Assets.xcassets in Resources */,
			);
			runOnlyForDeploymentPostprocessing = 0;
		};
/* End PBXResourcesBuildPhase section */

/* Begin PBXSourcesBuildPhase section */
		DA57C5A222E88571006C8F22 /* Sources */ = {
			isa = PBXSourcesBuildPhase;
			buildActionMask = 2147483647;
			files = (
				DA57C5AC22E88571006C8F22 /* ContentView.swift in Sources */,
				DA8ECF2322EB5F1300820428 /* CardView.swift in Sources */,
				DA57C5AA22E88571006C8F22 /* AppDelegate.swift in Sources */,
			);
			runOnlyForDeploymentPostprocessing = 0;
		};
/* End PBXSourcesBuildPhase section */

/* Begin PBXVariantGroup section */
		DA57C5B222E88572006C8F22 /* Main.storyboard */ = {
			isa = PBXVariantGroup;
			children = (
				DA57C5B322E88572006C8F22 /* Base */,
			);
			name = Main.storyboard;
			sourceTree = "<group>";
		};
/* End PBXVariantGroup section */

/* Begin XCBuildConfiguration section */
		DA57C5B722E88572006C8F22 /* Debug */ = {
			isa = XCBuildConfiguration;
			buildSettings = {
				ALWAYS_SEARCH_USER_PATHS = NO;
				CLANG_ANALYZER_NONNULL = YES;
				CLANG_ANALYZER_NUMBER_OBJECT_CONVERSION = YES_AGGRESSIVE;
				CLANG_CXX_LANGUAGE_STANDARD = "gnu++14";
				CLANG_CXX_LIBRARY = "libc++";
				CLANG_ENABLE_MODULES = YES;
				CLANG_ENABLE_OBJC_ARC = YES;
				CLANG_ENABLE_OBJC_WEAK = YES;
				CLANG_WARN_BLOCK_CAPTURE_AUTORELEASING = YES;
				CLANG_WARN_BOOL_CONVERSION = YES;
				CLANG_WARN_COMMA = YES;
				CLANG_WARN_CONSTANT_CONVERSION = YES;
				CLANG_WARN_DEPRECATED_OBJC_IMPLEMENTATIONS = YES;
				CLANG_WARN_DIRECT_OBJC_ISA_USAGE = YES_ERROR;
				CLANG_WARN_DOCUMENTATION_COMMENTS = YES;
				CLANG_WARN_EMPTY_BODY = YES;
				CLANG_WARN_ENUM_CONVERSION = YES;
				CLANG_WARN_INFINITE_RECURSION = YES;
				CLANG_WARN_INT_CONVERSION = YES;
				CLANG_WARN_NON_LITERAL_NULL_CONVERSION = YES;
				CLANG_WARN_OBJC_IMPLICIT_RETAIN_SELF = YES;
				CLANG_WARN_OBJC_LITERAL_CONVERSION = YES;
				CLANG_WARN_OBJC_ROOT_CLASS = YES_ERROR;
				CLANG_WARN_RANGE_LOOP_ANALYSIS = YES;
				CLANG_WARN_STRICT_PROTOTYPES = YES;
				CLANG_WARN_SUSPICIOUS_MOVE = YES;
				CLANG_WARN_UNGUARDED_AVAILABILITY = YES_AGGRESSIVE;
				CLANG_WARN_UNREACHABLE_CODE = YES;
				CLANG_WARN__DUPLICATE_METHOD_MATCH = YES;
				COPY_PHASE_STRIP = NO;
				DEBUG_INFORMATION_FORMAT = dwarf;
				ENABLE_STRICT_OBJC_MSGSEND = YES;
				ENABLE_TESTABILITY = YES;
				GCC_C_LANGUAGE_STANDARD = gnu11;
				GCC_DYNAMIC_NO_PIC = NO;
				GCC_NO_COMMON_BLOCKS = YES;
				GCC_OPTIMIZATION_LEVEL = 0;
				GCC_PREPROCESSOR_DEFINITIONS = (
					"DEBUG=1",
					"$(inherited)",
				);
				GCC_WARN_64_TO_32_BIT_CONVERSION = YES;
				GCC_WARN_ABOUT_RETURN_TYPE = YES_ERROR;
				GCC_WARN_UNDECLARED_SELECTOR = YES;
				GCC_WARN_UNINITIALIZED_AUTOS = YES_AGGRESSIVE;
				GCC_WARN_UNUSED_FUNCTION = YES;
				GCC_WARN_UNUSED_VARIABLE = YES;
				MACOSX_DEPLOYMENT_TARGET = 10.15;
				MTL_ENABLE_DEBUG_INFO = INCLUDE_SOURCE;
				MTL_FAST_MATH = YES;
				ONLY_ACTIVE_ARCH = YES;
				SDKROOT = macosx;
				SWIFT_ACTIVE_COMPILATION_CONDITIONS = DEBUG;
				SWIFT_OPTIMIZATION_LEVEL = "-Onone";
			};
			name = Debug;
		};
		DA57C5B822E88572006C8F22 /* Release */ = {
			isa = XCBuildConfiguration;
			buildSettings = {
				ALWAYS_SEARCH_USER_PATHS = NO;
				CLANG_ANALYZER_NONNULL = YES;
				CLANG_ANALYZER_NUMBER_OBJECT_CONVERSION = YES_AGGRESSIVE;
				CLANG_CXX_LANGUAGE_STANDARD = "gnu++14";
				CLANG_CXX_LIBRARY = "libc++";
				CLANG_ENABLE_MODULES = YES;
				CLANG_ENABLE_OBJC_ARC = YES;
				CLANG_ENABLE_OBJC_WEAK = YES;
				CLANG_WARN_BLOCK_CAPTURE_AUTORELEASING = YES;
				CLANG_WARN_BOOL_CONVERSION = YES;
				CLANG_WARN_COMMA = YES;
				CLANG_WARN_CONSTANT_CONVERSION = YES;
				CLANG_WARN_DEPRECATED_OBJC_IMPLEMENTATIONS = YES;
				CLANG_WARN_DIRECT_OBJC_ISA_USAGE = YES_ERROR;
				CLANG_WARN_DOCUMENTATION_COMMENTS = YES;
				CLANG_WARN_EMPTY_BODY = YES;
				CLANG_WARN_ENUM_CONVERSION = YES;
				CLANG_WARN_INFINITE_RECURSION = YES;
				CLANG_WARN_INT_CONVERSION = YES;
				CLANG_WARN_NON_LITERAL_NULL_CONVERSION = YES;
				CLANG_WARN_OBJC_IMPLICIT_RETAIN_SELF = YES;
				CLANG_WARN_OBJC_LITERAL_CONVERSION = YES;
				CLANG_WARN_OBJC_ROOT_CLASS = YES_ERROR;
				CLANG_WARN_RANGE_LOOP_ANALYSIS = YES;
				CLANG_WARN_STRICT_PROTOTYPES = YES;
				CLANG_WARN_SUSPICIOUS_MOVE = YES;
				CLANG_WARN_UNGUARDED_AVAILABILITY = YES_AGGRESSIVE;
				CLANG_WARN_UNREACHABLE_CODE = YES;
				CLANG_WARN__DUPLICATE_METHOD_MATCH = YES;
				COPY_PHASE_STRIP = NO;
				DEBUG_INFORMATION_FORMAT = "dwarf-with-dsym";
				ENABLE_NS_ASSERTIONS = NO;
				ENABLE_STRICT_OBJC_MSGSEND = YES;
				GCC_C_LANGUAGE_STANDARD = gnu11;
				GCC_NO_COMMON_BLOCKS = YES;
				GCC_WARN_64_TO_32_BIT_CONVERSION = YES;
				GCC_WARN_ABOUT_RETURN_TYPE = YES_ERROR;
				GCC_WARN_UNDECLARED_SELECTOR = YES;
				GCC_WARN_UNINITIALIZED_AUTOS = YES_AGGRESSIVE;
				GCC_WARN_UNUSED_FUNCTION = YES;
				GCC_WARN_UNUSED_VARIABLE = YES;
				MACOSX_DEPLOYMENT_TARGET = 10.15;
				MTL_ENABLE_DEBUG_INFO = NO;
				MTL_FAST_MATH = YES;
				SDKROOT = macosx;
				SWIFT_COMPILATION_MODE = wholemodule;
				SWIFT_OPTIMIZATION_LEVEL = "-O";
			};
			name = Release;
		};
		DA57C5BA22E88572006C8F22 /* Debug */ = {
			isa = XCBuildConfiguration;
			buildSettings = {
				ASSETCATALOG_COMPILER_APPICON_NAME = AppIcon;
				CODE_SIGN_ENTITLEMENTS = "Lateral Thinking macOS/Lateral_Thinking_macOS.entitlements";
				CODE_SIGN_STYLE = Automatic;
				COMBINE_HIDPI_IMAGES = YES;
				DEVELOPMENT_ASSET_PATHS = "\"Lateral Thinking macOS\"/Preview\\ Content";
				DEVELOPMENT_TEAM = BDB4XSJTE3;
				ENABLE_HARDENED_RUNTIME = YES;
				ENABLE_PREVIEWS = YES;
				INFOPLIST_FILE = "Lateral Thinking macOS/Info.plist";
				LD_RUNPATH_SEARCH_PATHS = (
					"$(inherited)",
					"@executable_path/../Frameworks",
				);
				PRODUCT_BUNDLE_IDENTIFIER = "com.paulwoodiii.Lateral-Thinking-macOS";
				PRODUCT_NAME = "$(TARGET_NAME)";
				SWIFT_VERSION = 5.0;
			};
			name = Debug;
		};
		DA57C5BB22E88572006C8F22 /* Release */ = {
			isa = XCBuildConfiguration;
			buildSettings = {
				ASSETCATALOG_COMPILER_APPICON_NAME = AppIcon;
				CODE_SIGN_ENTITLEMENTS = "Lateral Thinking macOS/Lateral_Thinking_macOS.entitlements";
				CODE_SIGN_STYLE = Automatic;
				COMBINE_HIDPI_IMAGES = YES;
				DEVELOPMENT_ASSET_PATHS = "\"Lateral Thinking macOS\"/Preview\\ Content";
				DEVELOPMENT_TEAM = BDB4XSJTE3;
				ENABLE_HARDENED_RUNTIME = YES;
				ENABLE_PREVIEWS = YES;
				INFOPLIST_FILE = "Lateral Thinking macOS/Info.plist";
				LD_RUNPATH_SEARCH_PATHS = (
					"$(inherited)",
					"@executable_path/../Frameworks",
				);
				PRODUCT_BUNDLE_IDENTIFIER = "com.paulwoodiii.Lateral-Thinking-macOS";
				PRODUCT_NAME = "$(TARGET_NAME)";
				SWIFT_VERSION = 5.0;
			};
			name = Release;
		};
/* End XCBuildConfiguration section */

/* Begin XCConfigurationList section */
		DA57C5A122E88571006C8F22 /* Build configuration list for PBXProject "Lateral Thinking macOS" */ = {
			isa = XCConfigurationList;
			buildConfigurations = (
				DA57C5B722E88572006C8F22 /* Debug */,
				DA57C5B822E88572006C8F22 /* Release */,
			);
			defaultConfigurationIsVisible = 0;
			defaultConfigurationName = Release;
		};
		DA57C5B922E88572006C8F22 /* Build configuration list for PBXNativeTarget "Lateral Thinking macOS" */ = {
			isa = XCConfigurationList;
			buildConfigurations = (
				DA57C5BA22E88572006C8F22 /* Debug */,
				DA57C5BB22E88572006C8F22 /* Release */,
			);
			defaultConfigurationIsVisible = 0;
			defaultConfigurationName = Release;
		};
/* End XCConfigurationList section */

/* Begin XCRemoteSwiftPackageReference section */
		DA9E908B22E8A71B00299C15 /* XCRemoteSwiftPackageReference "CombineFeedback" */ = {
			isa = XCRemoteSwiftPackageReference;
			repositoryURL = "https://github.com/PaulWoodIII/CombineFeedback";
			requirement = {
				branch = add_tvos_watchos;
				kind = branch;
			};
		};
		DA9E909022E8A75300299C15 /* XCRemoteSwiftPackageReference "Entwine" */ = {
			isa = XCRemoteSwiftPackageReference;
			repositoryURL = "git@github.com:tcldr/Entwine.git";
			requirement = {
				kind = upToNextMajorVersion;
				minimumVersion = 0.6.0;
			};
		};
/* End XCRemoteSwiftPackageReference section */

/* Begin XCSwiftPackageProductDependency section */
		DA8ECF1C22EB5E5D00820428 /* LateralThinking */ = {
			isa = XCSwiftPackageProductDependency;
			productName = LateralThinking;
		};
		DA9E908C22E8A71B00299C15 /* CombineFeedback */ = {
			isa = XCSwiftPackageProductDependency;
			package = DA9E908B22E8A71B00299C15 /* XCRemoteSwiftPackageReference "CombineFeedback" */;
			productName = CombineFeedback;
		};
		DA9E908E22E8A71B00299C15 /* CombineFeedbackUI */ = {
			isa = XCSwiftPackageProductDependency;
			package = DA9E908B22E8A71B00299C15 /* XCRemoteSwiftPackageReference "CombineFeedback" */;
			productName = CombineFeedbackUI;
		};
		DA9E909122E8A75300299C15 /* Entwine */ = {
			isa = XCSwiftPackageProductDependency;
			package = DA9E909022E8A75300299C15 /* XCRemoteSwiftPackageReference "Entwine" */;
			productName = Entwine;
		};
/* End XCSwiftPackageProductDependency section */
	};
	rootObject = DA57C59E22E88571006C8F22 /* Project object */;
}
