{
  "object": {
    "pins": [
      {
        "package": "CombineFeedback",
        "repositoryURL": "https://github.com/PaulWoodIII/CombineFeedback.git",
        "state": {
          "branch": "combined-enhancements",
          "revision": "4fcc4a6445e7dae57a6d4b11ad5a7e573e0b667d",
          "version": null
        }
      },
      {
        "package": "Entwine",
        "repositoryURL": "git@github.com:tcldr/Entwine.git",
        "state": {
          "branch": "master",
          "revision": "d6b60871f28f37d9789007634bd1a34845c1b3cf",
          "version": null
        }
      }
    ]
  },
  "version": 1
}
