{
  "object": {
    "pins": [
      {
        "package": "CombineFeedback",
        "repositoryURL": "https://github.com/sergdort/CombineFeedback",
        "state": {
          "branch": "master",
          "revision": "e322742c8fb584180afb731615317a7d795682fb",
          "version": null
        }
      },
      {
        "package": "Entwine",
        "repositoryURL": "https://github.com/tcldr/Entwine",
        "state": {
          "branch": "master",
          "revision": "d6b60871f28f37d9789007634bd1a34845c1b3cf",
          "version": null
        }
      }
    ]
  },
  "version": 1
}
